
Microsoft Visual Studio Solution File, Format Version 12.00
# Visual Studio Version 16
VisualStudioVersion = 16.0.30413.136
MinimumVisualStudioVersion = 10.0.40219.1
Project("{8BC9CEB8-8B4A-11D0-8D11-00A0C91BC942}") = "CN_World", "CN_World\CN_World.vcxproj", "{26E4E4C5-2DF5-4DC5-8648-CB614AFC8E22}"
EndProject
Project("{8BC9CEB8-8B4A-11D0-8D11-00A0C91BC942}") = "CN_Engine", "CN_Engine\CN_Engine.vcxproj", "{FB7AD2D0-50D7-4018-81CA-C2A15F08E087}"
EndProject
Global
	GlobalSection(SolutionConfigurationPlatforms) = preSolution
		Debug|x64 = Debug|x64
		Debug|x86 = Debug|x86
		Release|x64 = Release|x64
		Release|x86 = Release|x86
	EndGlobalSection
	GlobalSection(ProjectConfigurationPlatforms) = postSolution
		{26E4E4C5-2DF5-4DC5-8648-CB614AFC8E22}.Debug|x64.ActiveCfg = Debug|x64
		{26E4E4C5-2DF5-4DC5-8648-CB614AFC8E22}.Debug|x64.Build.0 = Debug|x64
		{26E4E4C5-2DF5-4DC5-8648-CB614AFC8E22}.Debug|x86.ActiveCfg = Debug|Win32
		{26E4E4C5-2DF5-4DC5-8648-CB614AFC8E22}.Debug|x86.Build.0 = Debug|Win32
		{26E4E4C5-2DF5-4DC5-8648-CB614AFC8E22}.Release|x64.ActiveCfg = Release|x64
		{26E4E4C5-2DF5-4DC5-8648-CB614AFC8E22}.Release|x64.Build.0 = Release|x64
		{26E4E4C5-2DF5-4DC5-8648-CB614AFC8E22}.Release|x86.ActiveCfg = Release|Win32
		{26E4E4C5-2DF5-4DC5-8648-CB614AFC8E22}.Release|x86.Build.0 = Release|Win32
		{FB7AD2D0-50D7-4018-81CA-C2A15F08E087}.Debug|x64.ActiveCfg = Debug|x64
		{FB7AD2D0-50D7-4018-81CA-C2A15F08E087}.Debug|x64.Build.0 = Debug|x64
		{FB7AD2D0-50D7-4018-81CA-C2A15F08E087}.Debug|x86.ActiveCfg = Debug|Win32
		{FB7AD2D0-50D7-4018-81CA-C2A15F08E087}.Debug|x86.Build.0 = Debug|Win32
		{FB7AD2D0-50D7-4018-81CA-C2A15F08E087}.Release|x64.ActiveCfg = Release|x64
		{FB7AD2D0-50D7-4018-81CA-C2A15F08E087}.Release|x64.Build.0 = Release|x64
		{FB7AD2D0-50D7-4018-81CA-C2A15F08E087}.Release|x86.ActiveCfg = Release|Win32
		{FB7AD2D0-50D7-4018-81CA-C2A15F08E087}.Release|x86.Build.0 = Release|Win32
	EndGlobalSection
	GlobalSection(SolutionProperties) = preSolution
		HideSolutionNode = FALSE
	EndGlobalSection
	GlobalSection(ExtensibilityGlobals) = postSolution
		SolutionGuid = {1B909393-EEA2-419D-9942-E0F74D121FBF}
	EndGlobalSection
EndGlobal
