
Microsoft Visual Studio Solution File, Format Version 12.00
# Visual Studio Version 17
Project("{8BC9CEB8-8B4A-11D0-8D11-00A0C91BC942}") = "nw_app", "nw_app\nw_app.vcxproj", "{6AA11511-5643-40E7-3FFE-533B2B3FC737}"
EndProject
Project("{8BC9CEB8-8B4A-11D0-8D11-00A0C91BC942}") = "nw_cmd", "nw_cmd\nw_cmd.vcxproj", "{7DA91511-694B-40E7-5206-543B3E47C737}"
EndProject
Project("{8BC9CEB8-8B4A-11D0-8D11-00A0C91BC942}") = "nw_gfx", "nw_gfx\nw_gfx.vcxproj", "{AEB91511-9A5B-40E7-8316-543B6F57C737}"
EndProject
Project("{8BC9CEB8-8B4A-11D0-8D11-00A0C91BC942}") = "nw_gui", "nw_gui\nw_gui.vcxproj", "{8EBB1511-7A5D-40E7-6318-543B4F59C737}"
EndProject
Project("{8BC9CEB8-8B4A-11D0-8D11-00A0C91BC942}") = "nw_lib", "nw_lib\nw_lib.vcxproj", "{40CF1511-2C71-40E7-152C-543B016DC737}"
EndProject
Project("{8BC9CEB8-8B4A-11D0-8D11-00A0C91BC942}") = "nw_lua", "nw_lua\nw_lua.vcxproj", "{CBD01511-B772-40E7-A02D-543B8C6EC737}"
EndProject
Global
	GlobalSection(SolutionConfigurationPlatforms) = preSolution
		debug|x64 = debug|x64
		release|x64 = release|x64
	EndGlobalSection
	GlobalSection(ProjectConfigurationPlatforms) = postSolution
		{6AA11511-5643-40E7-3FFE-533B2B3FC737}.debug|x64.ActiveCfg = debug|x64
		{6AA11511-5643-40E7-3FFE-533B2B3FC737}.debug|x64.Build.0 = debug|x64
		{6AA11511-5643-40E7-3FFE-533B2B3FC737}.release|x64.ActiveCfg = release|x64
		{6AA11511-5643-40E7-3FFE-533B2B3FC737}.release|x64.Build.0 = release|x64
		{7DA91511-694B-40E7-5206-543B3E47C737}.debug|x64.ActiveCfg = debug|x64
		{7DA91511-694B-40E7-5206-543B3E47C737}.debug|x64.Build.0 = debug|x64
		{7DA91511-694B-40E7-5206-543B3E47C737}.release|x64.ActiveCfg = release|x64
		{7DA91511-694B-40E7-5206-543B3E47C737}.release|x64.Build.0 = release|x64
		{AEB91511-9A5B-40E7-8316-543B6F57C737}.debug|x64.ActiveCfg = debug|x64
		{AEB91511-9A5B-40E7-8316-543B6F57C737}.debug|x64.Build.0 = debug|x64
		{AEB91511-9A5B-40E7-8316-543B6F57C737}.release|x64.ActiveCfg = release|x64
		{AEB91511-9A5B-40E7-8316-543B6F57C737}.release|x64.Build.0 = release|x64
		{8EBB1511-7A5D-40E7-6318-543B4F59C737}.debug|x64.ActiveCfg = debug|x64
		{8EBB1511-7A5D-40E7-6318-543B4F59C737}.debug|x64.Build.0 = debug|x64
		{8EBB1511-7A5D-40E7-6318-543B4F59C737}.release|x64.ActiveCfg = release|x64
		{8EBB1511-7A5D-40E7-6318-543B4F59C737}.release|x64.Build.0 = release|x64
		{40CF1511-2C71-40E7-152C-543B016DC737}.debug|x64.ActiveCfg = debug|x64
		{40CF1511-2C71-40E7-152C-543B016DC737}.debug|x64.Build.0 = debug|x64
		{40CF1511-2C71-40E7-152C-543B016DC737}.release|x64.ActiveCfg = release|x64
		{40CF1511-2C71-40E7-152C-543B016DC737}.release|x64.Build.0 = release|x64
		{CBD01511-B772-40E7-A02D-543B8C6EC737}.debug|x64.ActiveCfg = debug|x64
		{CBD01511-B772-40E7-A02D-543B8C6EC737}.debug|x64.Build.0 = debug|x64
		{CBD01511-B772-40E7-A02D-543B8C6EC737}.release|x64.ActiveCfg = release|x64
		{CBD01511-B772-40E7-A02D-543B8C6EC737}.release|x64.Build.0 = release|x64
	EndGlobalSection
	GlobalSection(SolutionProperties) = preSolution
		HideSolutionNode = FALSE
	EndGlobalSection
EndGlobal
