
Microsoft Visual Studio Solution File, Format Version 12.00
# Visual Studio Version 16
Project("{8BC9CEB8-8B4A-11D0-8D11-00A0C91BC942}") = "lualib", "ext\lualib\lualib.vcxproj", "{BE65480C-AA07-73E2-93C2-86367F03FA32}"
EndProject
Project("{8BC9CEB8-8B4A-11D0-8D11-00A0C91BC942}") = "nw_cmd", "nw_cmd\nw_cmd.vcxproj", "{7DA91511-694B-40E7-5206-543B3E47C737}"
EndProject
Project("{8BC9CEB8-8B4A-11D0-8D11-00A0C91BC942}") = "nw_engine", "nw_engine\nw_engine.vcxproj", "{7F70A556-EBDA-59CD-3419-0B73A0C23722}"
EndProject
Project("{8BC9CEB8-8B4A-11D0-8D11-00A0C91BC942}") = "nw_gfx", "nw_gfx\nw_gfx.vcxproj", "{AEB91511-9A5B-40E7-8316-543B6F57C737}"
EndProject
Project("{8BC9CEB8-8B4A-11D0-8D11-00A0C91BC942}") = "nw_lib", "nw_lib\nw_lib.vcxproj", "{40CF1511-2C71-40E7-152C-543B016DC737}"
EndProject
Global
	GlobalSection(SolutionConfigurationPlatforms) = preSolution
		debug|x64 = debug|x64
		release|x64 = release|x64
	EndGlobalSection
	GlobalSection(ProjectConfigurationPlatforms) = postSolution
		{BE65480C-AA07-73E2-93C2-86367F03FA32}.debug|x64.ActiveCfg = debug|x64
		{BE65480C-AA07-73E2-93C2-86367F03FA32}.debug|x64.Build.0 = debug|x64
		{BE65480C-AA07-73E2-93C2-86367F03FA32}.release|x64.ActiveCfg = release|x64
		{BE65480C-AA07-73E2-93C2-86367F03FA32}.release|x64.Build.0 = release|x64
		{7DA91511-694B-40E7-5206-543B3E47C737}.debug|x64.ActiveCfg = debug|x64
		{7DA91511-694B-40E7-5206-543B3E47C737}.debug|x64.Build.0 = debug|x64
		{7DA91511-694B-40E7-5206-543B3E47C737}.release|x64.ActiveCfg = release|x64
		{7DA91511-694B-40E7-5206-543B3E47C737}.release|x64.Build.0 = release|x64
		{7F70A556-EBDA-59CD-3419-0B73A0C23722}.debug|x64.ActiveCfg = debug|x64
		{7F70A556-EBDA-59CD-3419-0B73A0C23722}.debug|x64.Build.0 = debug|x64
		{7F70A556-EBDA-59CD-3419-0B73A0C23722}.release|x64.ActiveCfg = release|x64
		{7F70A556-EBDA-59CD-3419-0B73A0C23722}.release|x64.Build.0 = release|x64
		{AEB91511-9A5B-40E7-8316-543B6F57C737}.debug|x64.ActiveCfg = debug|x64
		{AEB91511-9A5B-40E7-8316-543B6F57C737}.debug|x64.Build.0 = debug|x64
		{AEB91511-9A5B-40E7-8316-543B6F57C737}.release|x64.ActiveCfg = release|x64
		{AEB91511-9A5B-40E7-8316-543B6F57C737}.release|x64.Build.0 = release|x64
		{40CF1511-2C71-40E7-152C-543B016DC737}.debug|x64.ActiveCfg = debug|x64
		{40CF1511-2C71-40E7-152C-543B016DC737}.debug|x64.Build.0 = debug|x64
		{40CF1511-2C71-40E7-152C-543B016DC737}.release|x64.ActiveCfg = release|x64
		{40CF1511-2C71-40E7-152C-543B016DC737}.release|x64.Build.0 = release|x64
	EndGlobalSection
	GlobalSection(SolutionProperties) = preSolution
		HideSolutionNode = FALSE
	EndGlobalSection
EndGlobal
