
Microsoft Visual Studio Solution File, Format Version 12.00
# Visual Studio Version 17
Project("{8BC9CEB8-8B4A-11D0-8D11-00A0C91BC942}") = "GLFW", "nw_engine\ext\glfw\GLFW.vcxproj", "{154B857C-0182-860D-AA6E-6C109684020F}"
EndProject
Project("{8BC9CEB8-8B4A-11D0-8D11-00A0C91BC942}") = "ImGui", "nw_engine\ext\imgui\ImGui.vcxproj", "{C0FF640D-2C14-8DBE-F595-301E616989EF}"
EndProject
Project("{8BC9CEB8-8B4A-11D0-8D11-00A0C91BC942}") = "glad", "nw_engine\ext\glad\glad.vcxproj", "{DD62977C-C999-980D-7286-7E105E9C140F}"
EndProject
Project("{8BC9CEB8-8B4A-11D0-8D11-00A0C91BC942}") = "lua_lib", "nw_engine\ext\lua_lib\lua_lib.vcxproj", "{9D0A4E95-09EA-CC30-1202-58077E603392}"
EndProject
Project("{8BC9CEB8-8B4A-11D0-8D11-00A0C91BC942}") = "nw_engine", "nw_engine\nw_engine.vcxproj", "{7F70A556-EBDA-59CD-3419-0B73A0C23722}"
EndProject
Project("{8BC9CEB8-8B4A-11D0-8D11-00A0C91BC942}") = "nw_game", "nw_game\nw_game.vcxproj", "{23D9CC33-8FB8-4BCF-98D0-D6A5042FB230}"
EndProject
Global
	GlobalSection(SolutionConfigurationPlatforms) = preSolution
		debug|x64 = debug|x64
		release|x64 = release|x64
	EndGlobalSection
	GlobalSection(ProjectConfigurationPlatforms) = postSolution
		{154B857C-0182-860D-AA6E-6C109684020F}.debug|x64.ActiveCfg = debug|x64
		{154B857C-0182-860D-AA6E-6C109684020F}.debug|x64.Build.0 = debug|x64
		{154B857C-0182-860D-AA6E-6C109684020F}.release|x64.ActiveCfg = release|x64
		{154B857C-0182-860D-AA6E-6C109684020F}.release|x64.Build.0 = release|x64
		{C0FF640D-2C14-8DBE-F595-301E616989EF}.debug|x64.ActiveCfg = debug|x64
		{C0FF640D-2C14-8DBE-F595-301E616989EF}.debug|x64.Build.0 = debug|x64
		{C0FF640D-2C14-8DBE-F595-301E616989EF}.release|x64.ActiveCfg = release|x64
		{C0FF640D-2C14-8DBE-F595-301E616989EF}.release|x64.Build.0 = release|x64
		{DD62977C-C999-980D-7286-7E105E9C140F}.debug|x64.ActiveCfg = debug|x64
		{DD62977C-C999-980D-7286-7E105E9C140F}.debug|x64.Build.0 = debug|x64
		{DD62977C-C999-980D-7286-7E105E9C140F}.release|x64.ActiveCfg = release|x64
		{DD62977C-C999-980D-7286-7E105E9C140F}.release|x64.Build.0 = release|x64
		{9D0A4E95-09EA-CC30-1202-58077E603392}.debug|x64.ActiveCfg = debug|x64
		{9D0A4E95-09EA-CC30-1202-58077E603392}.debug|x64.Build.0 = debug|x64
		{9D0A4E95-09EA-CC30-1202-58077E603392}.release|x64.ActiveCfg = release|x64
		{9D0A4E95-09EA-CC30-1202-58077E603392}.release|x64.Build.0 = release|x64
		{7F70A556-EBDA-59CD-3419-0B73A0C23722}.debug|x64.ActiveCfg = debug|x64
		{7F70A556-EBDA-59CD-3419-0B73A0C23722}.debug|x64.Build.0 = debug|x64
		{7F70A556-EBDA-59CD-3419-0B73A0C23722}.release|x64.ActiveCfg = release|x64
		{7F70A556-EBDA-59CD-3419-0B73A0C23722}.release|x64.Build.0 = release|x64
		{23D9CC33-8FB8-4BCF-98D0-D6A5042FB230}.debug|x64.ActiveCfg = debug|x64
		{23D9CC33-8FB8-4BCF-98D0-D6A5042FB230}.debug|x64.Build.0 = debug|x64
		{23D9CC33-8FB8-4BCF-98D0-D6A5042FB230}.release|x64.ActiveCfg = release|x64
		{23D9CC33-8FB8-4BCF-98D0-D6A5042FB230}.release|x64.Build.0 = release|x64
	EndGlobalSection
	GlobalSection(SolutionProperties) = preSolution
		HideSolutionNode = FALSE
	EndGlobalSection
EndGlobal
