<?xml version="1.0" encoding="utf-8"?>
<Project ToolsVersion="4.0" xmlns="http://schemas.microsoft.com/developer/msbuild/2003">
  <ItemGroup>
    <Filter Include="Source Files">
      <UniqueIdentifier>{4FC737F1-C7A5-4376-A066-2A32D752A2FF}</UniqueIdentifier>
      <Extensions>cpp;c;cc;cxx;c++;cppm;ixx;def;odl;idl;hpj;bat;asm;asmx</Extensions>
    </Filter>
    <Filter Include="Header Files">
      <UniqueIdentifier>{93995380-89BD-4b04-88EB-625FBE52EBFB}</UniqueIdentifier>
      <Extensions>h;hh;hpp;hxx;h++;hm;inl;inc;ipp;xsd</Extensions>
    </Filter>
    <Filter Include="Resource Files">
      <UniqueIdentifier>{67DA6AB6-F800-4c08-8B7A-83BB121AAD01}</UniqueIdentifier>
      <Extensions>rc;ico;cur;bmp;dlg;rc2;rct;bin;rgs;gif;jpg;jpeg;jpe;resx;tiff;tif;png;wav;mfcribbon-ms</Extensions>
    </Filter>
  </ItemGroup>
  <ItemGroup>
    <ClCompile Include="src_cpp\cn\cn_LoadMaster.cpp">
      <Filter>Source Files</Filter>
    </ClCompile>
    <ClCompile Include="src_cpp\cn\cn_MemoryMaster.cpp">
      <Filter>Source Files</Filter>
    </ClCompile>
    <ClCompile Include="src_cpp\CheerNik.cpp">
      <Filter>Source Files</Filter>
    </ClCompile>
    <ClCompile Include="src_cpp\cn_pch.cpp">
      <Filter>Source Files</Filter>
    </ClCompile>
    <ClCompile Include="src_cpp\events\ev_EvSys.cpp">
      <Filter>Source Files</Filter>
    </ClCompile>
    <ClCompile Include="src_cpp\cn\window\WinWindow.cpp">
      <Filter>Source Files</Filter>
    </ClCompile>
    <ClCompile Include="extern\stbiLoad\ch_stbi_load.cpp">
      <Filter>Source Files</Filter>
    </ClCompile>
    <ClCompile Include="src_cpp\cn\cn_Application.cpp">
      <Filter>Source Files</Filter>
    </ClCompile>
    <ClCompile Include="src_cpp\gl\gl_Renderer.cpp">
      <Filter>Source Files</Filter>
    </ClCompile>
    <ClCompile Include="src_cpp\math\cn_math.cpp">
      <Filter>Source Files</Filter>
    </ClCompile>
    <ClCompile Include="src_cpp\gl\gl_types.cpp">
      <Filter>Source Files</Filter>
    </ClCompile>
    <ClCompile Include="src_cpp\gl\gl_structs.cpp">
      <Filter>Source Files</Filter>
    </ClCompile>
    <ClCompile Include="src_cpp\gl\gl_Shader.cpp">
      <Filter>Source Files</Filter>
    </ClCompile>
    <ClCompile Include="src_cpp\gl\cn_gl_lib.cpp">
      <Filter>Source Files</Filter>
    </ClCompile>
    <ClCompile Include="extern\GLAD\glad.cpp">
      <Filter>Source Files</Filter>
    </ClCompile>
  </ItemGroup>
  <ItemGroup>
    <ClInclude Include="src_cpp\events\ev_Event.cpp">
      <Filter>Header Files</Filter>
    </ClInclude>
    <ClInclude Include="src_cpp\_hpp\audio\aud_AudioMaster.h">
      <Filter>Header Files</Filter>
    </ClInclude>
    <ClInclude Include="src_cpp\_hpp\cn\window\cn_Window.h">
      <Filter>Header Files</Filter>
    </ClInclude>
    <ClInclude Include="src_cpp\_hpp\cn\window\WinWindow.h">
      <Filter>Header Files</Filter>
    </ClInclude>
    <ClInclude Include="src_cpp\_hpp\cn\cn_Application.h">
      <Filter>Header Files</Filter>
    </ClInclude>
    <ClInclude Include="src_cpp\_hpp\cn\cn_LoadMaster.h">
      <Filter>Header Files</Filter>
    </ClInclude>
    <ClInclude Include="src_cpp\_hpp\cn\cn_Logger.h">
      <Filter>Header Files</Filter>
    </ClInclude>
    <ClInclude Include="src_cpp\_hpp\cn\cn_MemoryMaster.h">
      <Filter>Header Files</Filter>
    </ClInclude>
    <ClInclude Include="src_cpp\_hpp\esc\esc_Component.h">
      <Filter>Header Files</Filter>
    </ClInclude>
    <ClInclude Include="src_cpp\_hpp\esc\esc_Entity.h">
      <Filter>Header Files</Filter>
    </ClInclude>
    <ClInclude Include="src_cpp\_hpp\esc\esc_EntLord.h">
      <Filter>Header Files</Filter>
    </ClInclude>
    <ClInclude Include="src_cpp\_hpp\esc\esc_tile.h">
      <Filter>Header Files</Filter>
    </ClInclude>
    <ClInclude Include="src_cpp\_hpp\esc\esc_tileGrid.h">
      <Filter>Header Files</Filter>
    </ClInclude>
    <ClInclude Include="src_cpp\_hpp\events\ev_Event.h">
      <Filter>Header Files</Filter>
    </ClInclude>
    <ClInclude Include="src_cpp\_hpp\events\ev_EvSys.h">
      <Filter>Header Files</Filter>
    </ClInclude>
    <ClInclude Include="src_cpp\_hpp\gl\gui\gui_structs.h">
      <Filter>Header Files</Filter>
    </ClInclude>
    <ClInclude Include="src_cpp\_hpp\gl\gui\gui_types.h">
      <Filter>Header Files</Filter>
    </ClInclude>
    <ClInclude Include="src_cpp\_hpp\gl\gl_MaterialLord.h">
      <Filter>Header Files</Filter>
    </ClInclude>
    <ClInclude Include="src_cpp\_hpp\gl\gl_Renderer.h">
      <Filter>Header Files</Filter>
    </ClInclude>
    <ClInclude Include="src_cpp\_hpp\gl\gl_ShaderLord.h">
      <Filter>Header Files</Filter>
    </ClInclude>
    <ClInclude Include="src_cpp\_hpp\gl\gl_structs.h">
      <Filter>Header Files</Filter>
    </ClInclude>
    <ClInclude Include="src_cpp\_hpp\gl\gl_TextRenderer.h">
      <Filter>Header Files</Filter>
    </ClInclude>
    <ClInclude Include="src_cpp\_hpp\gl\gl_types.h">
      <Filter>Header Files</Filter>
    </ClInclude>
    <ClInclude Include="src_cpp\_hpp\lua\lua_Lstate.h">
      <Filter>Header Files</Filter>
    </ClInclude>
    <ClInclude Include="src_cpp\_hpp\math\cn_math.h">
      <Filter>Header Files</Filter>
    </ClInclude>
    <ClInclude Include="src_cpp\_hpp\phys\cn_phys.h">
      <Filter>Header Files</Filter>
    </ClInclude>
    <ClInclude Include="src_cpp\_hpp\CheerNik.h">
      <Filter>Header Files</Filter>
    </ClInclude>
    <ClInclude Include="src_cpp\_hpp\cn_core.hpp">
      <Filter>Header Files</Filter>
    </ClInclude>
    <ClInclude Include="src_cpp\_hpp\cn_pch.hpp">
      <Filter>Header Files</Filter>
    </ClInclude>
    <ClInclude Include="src_cpp\_hpp\EntryPoint.h">
      <Filter>Header Files</Filter>
    </ClInclude>
    <ClInclude Include="src_cpp\_hpp\events\ev_WndEvent.h">
      <Filter>Header Files</Filter>
    </ClInclude>
    <ClInclude Include="src_cpp\_hpp\events\ev_KeyEvent.h">
      <Filter>Header Files</Filter>
    </ClInclude>
    <ClInclude Include="src_cpp\_hpp\events\ev_MouseEvent.h">
      <Filter>Header Files</Filter>
    </ClInclude>
    <ClInclude Include="extern\GLFW\glfw3.h">
      <Filter>Header Files</Filter>
    </ClInclude>
    <ClInclude Include="extern\GLFW\glfw3native.h">
      <Filter>Header Files</Filter>
    </ClInclude>
    <ClInclude Include="src_cpp\_hpp\cn\scenes\scn_scene.h">
      <Filter>Header Files</Filter>
    </ClInclude>
    <ClInclude Include="src_cpp\_hpp\gl\gl_declarations.hpp">
      <Filter>Header Files</Filter>
    </ClInclude>
    <ClInclude Include="src_cpp\_hpp\cn\layers\cn_AppLayer.h">
      <Filter>Header Files</Filter>
    </ClInclude>
    <ClInclude Include="src_cpp\_hpp\cn\layers\cn_LayerStack.h">
      <Filter>Header Files</Filter>
    </ClInclude>
    <ClInclude Include="src_cpp\_hpp\gl\gl_Shader.h">
      <Filter>Header Files</Filter>
    </ClInclude>
    <ClInclude Include="src_cpp\_hpp\gl\cn_gl_lib.hpp">
      <Filter>Header Files</Filter>
    </ClInclude>
    <ClInclude Include="extern\GLAD\khrplatform.h">
      <Filter>Header Files</Filter>
    </ClInclude>
    <ClInclude Include="extern\GLAD\glad.h">
      <Filter>Header Files</Filter>
    </ClInclude>
  </ItemGroup>
  <ItemGroup>
    <None Include="shaders\core_2d_fs.lua" />
    <None Include="shaders\core_2d_vs.lua" />
    <None Include="shaders\obj0_2d_fs.lua" />
    <None Include="shaders\obj0_2d_vs.lua" />
    <None Include="shaders\obj0_3d_fs.lua" />
    <None Include="shaders\obj0_3d_phong_fs.lua" />
    <None Include="shaders\obj0_3d_vs.lua" />
  </ItemGroup>
</Project>