<?xml version="1.0" encoding="utf-8"?>
<Project ToolsVersion="4.0" xmlns="http://schemas.microsoft.com/developer/msbuild/2003">
  <ItemGroup>
    <Filter Include="core">
      <UniqueIdentifier>{4E40957C-3A77-960D-E363-7C10CF79120F}</UniqueIdentifier>
    </Filter>
    <Filter Include="lua">
      <UniqueIdentifier>{C78D880B-3397-887C-BC12-9F7C281B947C}</UniqueIdentifier>
    </Filter>
    <Filter Include="phys">
      <UniqueIdentifier>{69449C7C-557B-9D0D-FE67-8310EA7D190F}</UniqueIdentifier>
    </Filter>
    <Filter Include="sys">
      <UniqueIdentifier>{24AC880B-90B5-887C-1931-9F7C8539947C}</UniqueIdentifier>
    </Filter>
  </ItemGroup>
  <ItemGroup>
    <ClInclude Include="src_cpp\core\nw_core_engine.h">
      <Filter>core</Filter>
    </ClInclude>
    <ClInclude Include="src_cpp\core\nw_scene.h">
      <Filter>core</Filter>
    </ClInclude>
    <ClInclude Include="src_cpp\core\nw_window.h">
      <Filter>core</Filter>
    </ClInclude>
    <ClInclude Include="src_cpp\lua\nw_lua_core.h">
      <Filter>lua</Filter>
    </ClInclude>
    <ClInclude Include="src_cpp\lua\nw_lua_engine.h">
      <Filter>lua</Filter>
    </ClInclude>
    <ClInclude Include="src_cpp\lua\nw_lua_wraps.h">
      <Filter>lua</Filter>
    </ClInclude>
    <ClInclude Include="src_cpp\lua_decl.hpp" />
    <ClInclude Include="src_cpp\native_world.hpp" />
    <ClInclude Include="src_cpp\nw_core.hpp" />
    <ClInclude Include="src_cpp\nw_decl.hpp" />
    <ClInclude Include="src_cpp\nw_def.hpp" />
    <ClInclude Include="src_cpp\nw_pch.hpp" />
    <ClInclude Include="src_cpp\sys\nw_data_sys.h">
      <Filter>sys</Filter>
    </ClInclude>
    <ClInclude Include="src_cpp\sys\nw_io_sys.h">
      <Filter>sys</Filter>
    </ClInclude>
  </ItemGroup>
  <ItemGroup>
    <ClCompile Include="src_cpp\core\nw_core_engine.cpp">
      <Filter>core</Filter>
    </ClCompile>
    <ClCompile Include="src_cpp\core\nw_scene.cpp">
      <Filter>core</Filter>
    </ClCompile>
    <ClCompile Include="src_cpp\core\nw_window.cpp">
      <Filter>core</Filter>
    </ClCompile>
    <ClCompile Include="src_cpp\lua\nw_lua_core.cpp">
      <Filter>lua</Filter>
    </ClCompile>
    <ClCompile Include="src_cpp\lua\nw_lua_engine.cpp">
      <Filter>lua</Filter>
    </ClCompile>
    <ClCompile Include="src_cpp\nw_pch.cpp" />
    <ClCompile Include="src_cpp\sys\nw_data_sys.cpp">
      <Filter>sys</Filter>
    </ClCompile>
    <ClCompile Include="src_cpp\sys\nw_io_sys.cpp">
      <Filter>sys</Filter>
    </ClCompile>
  </ItemGroup>
</Project>