<?xml version="1.0" encoding="utf-8"?>
<Project ToolsVersion="4.0" xmlns="http://schemas.microsoft.com/developer/msbuild/2003">
  <ItemGroup>
    <Filter Include="src_cpp">
      <UniqueIdentifier>{AF454AA9-1B25-C944-243D-541B909B2FA6}</UniqueIdentifier>
    </Filter>
    <Filter Include="src_cpp\core">
      <UniqueIdentifier>{87DB3E97-733E-CE3B-1CC4-06F208069ABE}</UniqueIdentifier>
    </Filter>
    <Filter Include="src_cpp\ecs">
      <UniqueIdentifier>{D9055F2B-45BB-D720-CEAF-D1F73A64CE24}</UniqueIdentifier>
    </Filter>
    <Filter Include="src_cpp\glib">
      <UniqueIdentifier>{1CFF4097-0862-D03B-B1E7-08F29D299CBE}</UniqueIdentifier>
    </Filter>
    <Filter Include="src_cpp\glib\core">
      <UniqueIdentifier>{14819337-8097-91CD-C90E-1DEF35646255}</UniqueIdentifier>
    </Filter>
    <Filter Include="src_cpp\glib\gcontext">
      <UniqueIdentifier>{B72107F8-238E-C2F2-EC81-5A5058ADE45A}</UniqueIdentifier>
    </Filter>
    <Filter Include="src_cpp\glib\vision">
      <UniqueIdentifier>{23335E96-8F94-3BA4-1802-825684627263}</UniqueIdentifier>
    </Filter>
    <Filter Include="src_cpp\lua">
      <UniqueIdentifier>{E0255F2B-4CDB-D720-D5CF-D1F74184CE24}</UniqueIdentifier>
    </Filter>
    <Filter Include="src_cpp\nwlib">
      <UniqueIdentifier>{5AA4E57F-C664-61B6-8F9F-AA33FB1EA692}</UniqueIdentifier>
    </Filter>
    <Filter Include="src_cpp\phys">
      <UniqueIdentifier>{A2DF4597-8E42-D53B-37C8-0DF2230AA1BE}</UniqueIdentifier>
    </Filter>
    <Filter Include="src_cpp\sys">
      <UniqueIdentifier>{3D445F2B-A9F9-D720-32EE-D1F79EA2CE24}</UniqueIdentifier>
    </Filter>
    <Filter Include="src_glsl">
      <UniqueIdentifier>{DE1C95D2-CAE9-EFDD-F302-DE85DF2E256C}</UniqueIdentifier>
    </Filter>
    <Filter Include="src_lua">
      <UniqueIdentifier>{8E6C4AA9-FA4B-C944-0364-541B6FC22FA6}</UniqueIdentifier>
    </Filter>
    <Filter Include="src_lua\estates">
      <UniqueIdentifier>{76AE7843-E239-E607-EB4A-69FC57554208}</UniqueIdentifier>
    </Filter>
  </ItemGroup>
  <ItemGroup>
    <ClInclude Include="src_cpp\core\nw_core_engine.h">
      <Filter>src_cpp\core</Filter>
    </ClInclude>
    <ClInclude Include="src_cpp\core\nw_core_state.h">
      <Filter>src_cpp\core</Filter>
    </ClInclude>
    <ClInclude Include="src_cpp\core\nw_data_res.h">
      <Filter>src_cpp\core</Filter>
    </ClInclude>
    <ClInclude Include="src_cpp\ecs\nw_collider_cmp.h">
      <Filter>src_cpp\ecs</Filter>
    </ClInclude>
    <ClInclude Include="src_cpp\ecs\nw_ent_sys.h">
      <Filter>src_cpp\ecs</Filter>
    </ClInclude>
    <ClInclude Include="src_cpp\ecs\nw_entity.h">
      <Filter>src_cpp\ecs</Filter>
    </ClInclude>
    <ClInclude Include="src_cpp\ecs\nw_entity_cmp.h">
      <Filter>src_cpp\ecs</Filter>
    </ClInclude>
    <ClInclude Include="src_cpp\ecs\nw_graphics_cmp.h">
      <Filter>src_cpp\ecs</Filter>
    </ClInclude>
    <ClInclude Include="src_cpp\ecs\nw_physics_cmp.h">
      <Filter>src_cpp\ecs</Filter>
    </ClInclude>
    <ClInclude Include="src_cpp\ecs\nw_scene.h">
      <Filter>src_cpp\ecs</Filter>
    </ClInclude>
    <ClInclude Include="src_cpp\ecs\nw_script_cmp.h">
      <Filter>src_cpp\ecs</Filter>
    </ClInclude>
    <ClInclude Include="src_cpp\ecs\nw_transform_cmp.h">
      <Filter>src_cpp\ecs</Filter>
    </ClInclude>
    <ClInclude Include="src_cpp\ecs_decl.hpp">
      <Filter>src_cpp</Filter>
    </ClInclude>
    <ClInclude Include="src_cpp\glib\core\nw_gapi.h">
      <Filter>src_cpp\glib\core</Filter>
    </ClInclude>
    <ClInclude Include="src_cpp\glib\core\nw_gengine.h">
      <Filter>src_cpp\glib\core</Filter>
    </ClInclude>
    <ClInclude Include="src_cpp\glib\core\nw_glayer.h">
      <Filter>src_cpp\glib\core</Filter>
    </ClInclude>
    <ClInclude Include="src_cpp\glib\gcontext\nw_framebuf.h">
      <Filter>src_cpp\glib\gcontext</Filter>
    </ClInclude>
    <ClInclude Include="src_cpp\glib\gcontext\nw_gcontext.h">
      <Filter>src_cpp\glib\gcontext</Filter>
    </ClInclude>
    <ClInclude Include="src_cpp\glib\gcontext\nw_window.h">
      <Filter>src_cpp\glib\gcontext</Filter>
    </ClInclude>
    <ClInclude Include="src_cpp\glib\nw_drawable.h">
      <Filter>src_cpp\glib</Filter>
    </ClInclude>
    <ClInclude Include="src_cpp\glib\nw_gbuffer.h">
      <Filter>src_cpp\glib</Filter>
    </ClInclude>
    <ClInclude Include="src_cpp\glib\nw_glib_core.h">
      <Filter>src_cpp\glib</Filter>
    </ClInclude>
    <ClInclude Include="src_cpp\glib\nw_gui_core.h">
      <Filter>src_cpp\glib</Filter>
    </ClInclude>
    <ClInclude Include="src_cpp\glib\nw_gui_widget.h">
      <Filter>src_cpp\glib</Filter>
    </ClInclude>
    <ClInclude Include="src_cpp\glib\nw_texture.h">
      <Filter>src_cpp\glib</Filter>
    </ClInclude>
    <ClInclude Include="src_cpp\glib\vision\nw_gcamera.h">
      <Filter>src_cpp\glib\vision</Filter>
    </ClInclude>
    <ClInclude Include="src_cpp\glib\vision\nw_gcamera_lad.h">
      <Filter>src_cpp\glib\vision</Filter>
    </ClInclude>
    <ClInclude Include="src_cpp\glib\vision\nw_gmaterial.h">
      <Filter>src_cpp\glib\vision</Filter>
    </ClInclude>
    <ClInclude Include="src_cpp\glib\vision\nw_shader.h">
      <Filter>src_cpp\glib\vision</Filter>
    </ClInclude>
    <ClInclude Include="src_cpp\lua\nw_lua_core.h">
      <Filter>src_cpp\lua</Filter>
    </ClInclude>
    <ClInclude Include="src_cpp\lua\nw_lua_engine.h">
      <Filter>src_cpp\lua</Filter>
    </ClInclude>
    <ClInclude Include="src_cpp\lua\nw_lua_wraps.h">
      <Filter>src_cpp\lua</Filter>
    </ClInclude>
    <ClInclude Include="src_cpp\lua_decl.hpp">
      <Filter>src_cpp</Filter>
    </ClInclude>
    <ClInclude Include="src_cpp\native_world.hpp">
      <Filter>src_cpp</Filter>
    </ClInclude>
    <ClInclude Include="src_cpp\nw_core.hpp">
      <Filter>src_cpp</Filter>
    </ClInclude>
    <ClInclude Include="src_cpp\nw_decl.hpp">
      <Filter>src_cpp</Filter>
    </ClInclude>
    <ClInclude Include="src_cpp\nw_def.hpp">
      <Filter>src_cpp</Filter>
    </ClInclude>
    <ClInclude Include="src_cpp\nw_pch.hpp">
      <Filter>src_cpp</Filter>
    </ClInclude>
    <ClInclude Include="src_cpp\nwlib\math_matrix.h">
      <Filter>src_cpp\nwlib</Filter>
    </ClInclude>
    <ClInclude Include="src_cpp\nwlib\math_transform.h">
      <Filter>src_cpp\nwlib</Filter>
    </ClInclude>
    <ClInclude Include="src_cpp\nwlib\math_trigonometry.h">
      <Filter>src_cpp\nwlib</Filter>
    </ClInclude>
    <ClInclude Include="src_cpp\nwlib\math_vector.h">
      <Filter>src_cpp\nwlib</Filter>
    </ClInclude>
    <ClInclude Include="src_cpp\nwlib\nw_algorithm.h">
      <Filter>src_cpp\nwlib</Filter>
    </ClInclude>
    <ClInclude Include="src_cpp\nwlib\nw_code_chunk.h">
      <Filter>src_cpp\nwlib</Filter>
    </ClInclude>
    <ClInclude Include="src_cpp\nwlib\nw_container.h">
      <Filter>src_cpp\nwlib</Filter>
    </ClInclude>
    <ClInclude Include="src_cpp\nwlib\nw_event.h">
      <Filter>src_cpp\nwlib</Filter>
    </ClInclude>
    <ClInclude Include="src_cpp\nwlib\nw_io_lib.h">
      <Filter>src_cpp\nwlib</Filter>
    </ClInclude>
    <ClInclude Include="src_cpp\nwlib\nw_math.h">
      <Filter>src_cpp\nwlib</Filter>
    </ClInclude>
    <ClInclude Include="src_cpp\nwlib\nw_memory.h">
      <Filter>src_cpp\nwlib</Filter>
    </ClInclude>
    <ClInclude Include="src_cpp\nwlib\nw_random.h">
      <Filter>src_cpp\nwlib</Filter>
    </ClInclude>
    <ClInclude Include="src_cpp\nwlib\nw_singleton.h">
      <Filter>src_cpp\nwlib</Filter>
    </ClInclude>
    <ClInclude Include="src_cpp\nwlib\nw_string.h">
      <Filter>src_cpp\nwlib</Filter>
    </ClInclude>
    <ClInclude Include="src_cpp\nwlib\nw_time.h">
      <Filter>src_cpp\nwlib</Filter>
    </ClInclude>
    <ClInclude Include="src_cpp\phys\nw_phys_engine.h">
      <Filter>src_cpp\phys</Filter>
    </ClInclude>
    <ClInclude Include="src_cpp\sys\nw_data_sys.h">
      <Filter>src_cpp\sys</Filter>
    </ClInclude>
    <ClInclude Include="src_cpp\sys\nw_gui_sys.h">
      <Filter>src_cpp\sys</Filter>
    </ClInclude>
    <ClInclude Include="src_cpp\sys\nw_io_sys.h">
      <Filter>src_cpp\sys</Filter>
    </ClInclude>
    <ClInclude Include="src_cpp\sys\nw_log_sys.h">
      <Filter>src_cpp\sys</Filter>
    </ClInclude>
    <ClInclude Include="src_cpp\sys\nw_mem_sys.h">
      <Filter>src_cpp\sys</Filter>
    </ClInclude>
    <ClInclude Include="src_cpp\sys\nw_time_sys.h">
      <Filter>src_cpp\sys</Filter>
    </ClInclude>
    <ClInclude Include="src_cpp\nw_glib_decl.hpp">
      <Filter>src_cpp</Filter>
    </ClInclude>
  </ItemGroup>
  <ItemGroup>
    <ClCompile Include="src_cpp\core\nw_core_engine.cpp">
      <Filter>src_cpp\core</Filter>
    </ClCompile>
    <ClCompile Include="src_cpp\core\nw_data_res.cpp">
      <Filter>src_cpp\core</Filter>
    </ClCompile>
    <ClCompile Include="src_cpp\ecs\nw_collider_cmp.cpp">
      <Filter>src_cpp\ecs</Filter>
    </ClCompile>
    <ClCompile Include="src_cpp\ecs\nw_ent_sys.cpp">
      <Filter>src_cpp\ecs</Filter>
    </ClCompile>
    <ClCompile Include="src_cpp\ecs\nw_entity.cpp">
      <Filter>src_cpp\ecs</Filter>
    </ClCompile>
    <ClCompile Include="src_cpp\ecs\nw_entity_cmp.cpp">
      <Filter>src_cpp\ecs</Filter>
    </ClCompile>
    <ClCompile Include="src_cpp\ecs\nw_graphics_cmp.cpp">
      <Filter>src_cpp\ecs</Filter>
    </ClCompile>
    <ClCompile Include="src_cpp\ecs\nw_physics_cmp.cpp">
      <Filter>src_cpp\ecs</Filter>
    </ClCompile>
    <ClCompile Include="src_cpp\ecs\nw_scene.cpp">
      <Filter>src_cpp\ecs</Filter>
    </ClCompile>
    <ClCompile Include="src_cpp\ecs\nw_script_cmp.cpp">
      <Filter>src_cpp\ecs</Filter>
    </ClCompile>
    <ClCompile Include="src_cpp\ecs\nw_transform_cmp.cpp">
      <Filter>src_cpp\ecs</Filter>
    </ClCompile>
    <ClCompile Include="src_cpp\glib\core\nw_gapi.cpp">
      <Filter>src_cpp\glib\core</Filter>
    </ClCompile>
    <ClCompile Include="src_cpp\glib\core\nw_gengine.cpp">
      <Filter>src_cpp\glib\core</Filter>
    </ClCompile>
    <ClCompile Include="src_cpp\glib\core\nw_glayer.cpp">
      <Filter>src_cpp\glib\core</Filter>
    </ClCompile>
    <ClCompile Include="src_cpp\glib\gcontext\nw_framebuf.cpp">
      <Filter>src_cpp\glib\gcontext</Filter>
    </ClCompile>
    <ClCompile Include="src_cpp\glib\gcontext\nw_gcontext.cpp">
      <Filter>src_cpp\glib\gcontext</Filter>
    </ClCompile>
    <ClCompile Include="src_cpp\glib\gcontext\nw_window.cpp">
      <Filter>src_cpp\glib\gcontext</Filter>
    </ClCompile>
    <ClCompile Include="src_cpp\glib\nw_drawable.cpp">
      <Filter>src_cpp\glib</Filter>
    </ClCompile>
    <ClCompile Include="src_cpp\glib\nw_gbuffer.cpp">
      <Filter>src_cpp\glib</Filter>
    </ClCompile>
    <ClCompile Include="src_cpp\glib\nw_glib_core.cpp">
      <Filter>src_cpp\glib</Filter>
    </ClCompile>
    <ClCompile Include="src_cpp\glib\nw_gui_core.cpp">
      <Filter>src_cpp\glib</Filter>
    </ClCompile>
    <ClCompile Include="src_cpp\glib\nw_gui_widget.cpp">
      <Filter>src_cpp\glib</Filter>
    </ClCompile>
    <ClCompile Include="src_cpp\glib\nw_texture.cpp">
      <Filter>src_cpp\glib</Filter>
    </ClCompile>
    <ClCompile Include="src_cpp\glib\vision\nw_gcamera.cpp">
      <Filter>src_cpp\glib\vision</Filter>
    </ClCompile>
    <ClCompile Include="src_cpp\glib\vision\nw_gcamera_lad.cpp">
      <Filter>src_cpp\glib\vision</Filter>
    </ClCompile>
    <ClCompile Include="src_cpp\glib\vision\nw_gmaterial.cpp">
      <Filter>src_cpp\glib\vision</Filter>
    </ClCompile>
    <ClCompile Include="src_cpp\glib\vision\nw_shader.cpp">
      <Filter>src_cpp\glib\vision</Filter>
    </ClCompile>
    <ClCompile Include="src_cpp\lua\nw_lua_core.cpp">
      <Filter>src_cpp\lua</Filter>
    </ClCompile>
    <ClCompile Include="src_cpp\lua\nw_lua_engine.cpp">
      <Filter>src_cpp\lua</Filter>
    </ClCompile>
    <ClCompile Include="src_cpp\nw_pch.cpp">
      <Filter>src_cpp</Filter>
    </ClCompile>
    <ClCompile Include="src_cpp\nwlib\nw_code_chunk.cpp">
      <Filter>src_cpp\nwlib</Filter>
    </ClCompile>
    <ClCompile Include="src_cpp\nwlib\nw_imgui_build.cpp">
      <Filter>src_cpp\nwlib</Filter>
    </ClCompile>
    <ClCompile Include="src_cpp\nwlib\nw_memory.cpp">
      <Filter>src_cpp\nwlib</Filter>
    </ClCompile>
    <ClCompile Include="src_cpp\nwlib\nw_random.cpp">
      <Filter>src_cpp\nwlib</Filter>
    </ClCompile>
    <ClCompile Include="src_cpp\nwlib\nw_string.cpp">
      <Filter>src_cpp\nwlib</Filter>
    </ClCompile>
    <ClCompile Include="src_cpp\nwlib\nw_time.cpp">
      <Filter>src_cpp\nwlib</Filter>
    </ClCompile>
    <ClCompile Include="src_cpp\phys\nw_phys_engine.cpp">
      <Filter>src_cpp\phys</Filter>
    </ClCompile>
    <ClCompile Include="src_cpp\sys\nw_data_sys.cpp">
      <Filter>src_cpp\sys</Filter>
    </ClCompile>
    <ClCompile Include="src_cpp\sys\nw_gui_sys.cpp">
      <Filter>src_cpp\sys</Filter>
    </ClCompile>
    <ClCompile Include="src_cpp\sys\nw_io_sys.cpp">
      <Filter>src_cpp\sys</Filter>
    </ClCompile>
    <ClCompile Include="src_cpp\sys\nw_log_sys.cpp">
      <Filter>src_cpp\sys</Filter>
    </ClCompile>
    <ClCompile Include="src_cpp\sys\nw_mem_sys.cpp">
      <Filter>src_cpp\sys</Filter>
    </ClCompile>
    <ClCompile Include="src_cpp\sys\nw_time_sys.cpp">
      <Filter>src_cpp\sys</Filter>
    </ClCompile>
  </ItemGroup>
  <ItemGroup>
    <None Include="src_glsl\batch_3d.glsl">
      <Filter>src_glsl</Filter>
    </None>
    <None Include="src_glsl\shd_2d_batch.glsl">
      <Filter>src_glsl</Filter>
    </None>
    <None Include="src_glsl\shd_2d_display.glsl">
      <Filter>src_glsl</Filter>
    </None>
    <None Include="src_glsl\shd_2d_tile.glsl">
      <Filter>src_glsl</Filter>
    </None>
    <None Include="src_glsl\shd_3d_batch.glsl">
      <Filter>src_glsl</Filter>
    </None>
    <None Include="src_glsl\shd_3d_mesh.glsl">
      <Filter>src_glsl</Filter>
    </None>
    <None Include="src_glsl\shd_void.glsl">
      <Filter>src_glsl</Filter>
    </None>
    <None Include="src_lua\estates\est_default.lua">
      <Filter>src_lua\estates</Filter>
    </None>
  </ItemGroup>
</Project>