<?xml version="1.0" encoding="utf-8"?>
<Project ToolsVersion="4.0" xmlns="http://schemas.microsoft.com/developer/msbuild/2003">
  <ItemGroup>
    <Filter Include="nw_engine">
      <UniqueIdentifier>{7F70A556-EBDA-59CD-3419-0B73A0C23722}</UniqueIdentifier>
    </Filter>
    <Filter Include="nw_engine\ext">
      <UniqueIdentifier>{5F1BF314-CBDB-6E4B-9416-B8C80096B327}</UniqueIdentifier>
    </Filter>
    <Filter Include="nw_engine\ext\glm">
      <UniqueIdentifier>{2E3DDB45-9A53-D9DB-E3CA-64FD4F20AA63}</UniqueIdentifier>
    </Filter>
    <Filter Include="nw_engine\ext\glm\glm">
      <UniqueIdentifier>{7DAE8D0E-E91A-4909-B20E-E1661E3A6B71}</UniqueIdentifier>
    </Filter>
    <Filter Include="nw_engine\ext\glm\glm\detail">
      <UniqueIdentifier>{9FD75CBB-8B92-4C67-344A-C5B120E496F7}</UniqueIdentifier>
    </Filter>
    <Filter Include="nw_engine\ext\glm\test">
      <UniqueIdentifier>{7D824AE0-697C-7332-52E9-09433E82D99E}</UniqueIdentifier>
    </Filter>
    <Filter Include="nw_engine\ext\glm\test\bug">
      <UniqueIdentifier>{2AEFAC2E-16FF-58FF-7FB8-BD1D6BE74798}</UniqueIdentifier>
    </Filter>
    <Filter Include="nw_engine\ext\glm\test\cmake">
      <UniqueIdentifier>{CD0BB38D-B9C6-A239-627E-1B844E18EDC9}</UniqueIdentifier>
    </Filter>
    <Filter Include="nw_engine\ext\glm\test\core">
      <UniqueIdentifier>{15494B04-8156-79EA-0A3D-75D5764945A1}</UniqueIdentifier>
    </Filter>
    <Filter Include="nw_engine\ext\glm\test\ext">
      <UniqueIdentifier>{5DFCAC2E-490C-59FF-B2C5-BD1D9EF44798}</UniqueIdentifier>
    </Filter>
    <Filter Include="nw_engine\ext\glm\test\gtc">
      <UniqueIdentifier>{4A04AD2E-3614-59FF-9FCD-BD1D8BFC4798}</UniqueIdentifier>
    </Filter>
    <Filter Include="nw_engine\ext\glm\test\gtx">
      <UniqueIdentifier>{5F04AD2E-4B14-59FF-B4CD-BD1DA0FC4798}</UniqueIdentifier>
    </Filter>
    <Filter Include="nw_engine\ext\glm\test\perf">
      <UniqueIdentifier>{793F5204-E54C-80EA-6E33-7CD5DA3F4CA1}</UniqueIdentifier>
    </Filter>
    <Filter Include="nw_engine\ext\imgui">
      <UniqueIdentifier>{09F4C329-7555-A137-FEC2-E7E96A23D8F6}</UniqueIdentifier>
    </Filter>
    <Filter Include="nw_engine\ext\imgui\examples">
      <UniqueIdentifier>{D7DB2BA4-C396-1B50-6C4E-949A58E865E0}</UniqueIdentifier>
    </Filter>
    <Filter Include="nw_engine\ext\imgui\examples\example_allegro5">
      <UniqueIdentifier>{4CB451D4-B824-544D-8143-CED5ED728C4E}</UniqueIdentifier>
    </Filter>
    <Filter Include="nw_engine\ext\imgui\examples\example_emscripten">
      <UniqueIdentifier>{AB8D16A9-17C9-766C-20BE-F3FB8C78FB9C}</UniqueIdentifier>
    </Filter>
    <Filter Include="nw_engine\ext\imgui\examples\example_glfw_opengl2">
      <UniqueIdentifier>{572F9A4E-C3F5-F66A-0C51-85CD785665CF}</UniqueIdentifier>
    </Filter>
    <Filter Include="nw_engine\ext\imgui\examples\example_glfw_opengl3">
      <UniqueIdentifier>{582F9A4E-C4F5-F66A-0D51-85CD795665CF}</UniqueIdentifier>
    </Filter>
    <Filter Include="nw_engine\ext\imgui\examples\example_glfw_vulkan">
      <UniqueIdentifier>{91BE80C5-7D67-E8F4-A6FD-037492050336}</UniqueIdentifier>
    </Filter>
    <Filter Include="nw_engine\ext\imgui\examples\example_glut_opengl2">
      <UniqueIdentifier>{435DC32D-AF23-204A-F87E-AEAC64848EAE}</UniqueIdentifier>
    </Filter>
    <Filter Include="nw_engine\ext\imgui\examples\example_marmalade">
      <UniqueIdentifier>{5503A08D-4181-F026-2A79-AEBE1696324F}</UniqueIdentifier>
    </Filter>
    <Filter Include="nw_engine\ext\imgui\examples\example_null">
      <UniqueIdentifier>{8CFD1DD6-F817-8177-413A-910BAD93A87E}</UniqueIdentifier>
    </Filter>
    <Filter Include="nw_engine\ext\imgui\examples\example_sdl_directx11">
      <UniqueIdentifier>{683D0068-54D1-F50F-BD95-4FC4A9483002}</UniqueIdentifier>
    </Filter>
    <Filter Include="nw_engine\ext\imgui\examples\example_sdl_opengl2">
      <UniqueIdentifier>{AABEC73A-9667-2F6A-BFFD-4AE9AB054AAB}</UniqueIdentifier>
    </Filter>
    <Filter Include="nw_engine\ext\imgui\examples\example_sdl_opengl3">
      <UniqueIdentifier>{ABBEC73A-9767-2F6A-C0FD-4AE9AC054AAB}</UniqueIdentifier>
    </Filter>
    <Filter Include="nw_engine\ext\imgui\examples\example_sdl_vulkan">
      <UniqueIdentifier>{842FC029-F06A-20ED-F95F-9D7C651AA51D}</UniqueIdentifier>
    </Filter>
    <Filter Include="nw_engine\ext\imgui\examples\example_win32_directx10">
      <UniqueIdentifier>{974558CF-8384-024B-2C07-DF7C1825B8B5}</UniqueIdentifier>
    </Filter>
    <Filter Include="nw_engine\ext\imgui\examples\example_win32_directx11">
      <UniqueIdentifier>{984558CF-8484-024B-2D07-DF7C1925B8B5}</UniqueIdentifier>
    </Filter>
    <Filter Include="nw_engine\ext\imgui\examples\example_win32_directx12">
      <UniqueIdentifier>{994558CF-8584-024B-2E07-DF7C1A25B8B5}</UniqueIdentifier>
    </Filter>
    <Filter Include="nw_engine\ext\imgui\examples\example_win32_directx9">
      <UniqueIdentifier>{8FB4216B-FBC5-C911-8417-5C51F027534B}</UniqueIdentifier>
    </Filter>
    <Filter Include="nw_engine\ext\imgui\misc">
      <UniqueIdentifier>{84F4EAFE-7019-3A7F-9964-1F0F85E8389D}</UniqueIdentifier>
    </Filter>
    <Filter Include="nw_engine\ext\imgui\misc\cpp">
      <UniqueIdentifier>{5610B5AC-42CB-A458-EB82-1DA3D71CEFE8}</UniqueIdentifier>
    </Filter>
    <Filter Include="nw_engine\ext\imgui\misc\fonts">
      <UniqueIdentifier>{DD4170AE-C967-3A15-B2AD-BFE09E725FE1}</UniqueIdentifier>
    </Filter>
    <Filter Include="nw_engine\ext\imgui\misc\freetype">
      <UniqueIdentifier>{B747714D-23B6-C6CC-6C9F-81CCD84CBC68}</UniqueIdentifier>
    </Filter>
    <Filter Include="nw_engine\src_cpp">
      <UniqueIdentifier>{183D726C-8453-7002-CDCA-FB233920418A}</UniqueIdentifier>
    </Filter>
    <Filter Include="nw_engine\src_cpp\core">
      <UniqueIdentifier>{90DCE689-7CD6-0FDC-6543-A6EC51DC7548}</UniqueIdentifier>
    </Filter>
    <Filter Include="nw_engine\src_cpp\ecs">
      <UniqueIdentifier>{C28916A7-2EF6-D1A1-F7E9-69FF6315F409}</UniqueIdentifier>
    </Filter>
    <Filter Include="nw_engine\src_cpp\gl">
      <UniqueIdentifier>{BA1BB390-A6AA-3C5A-4FC9-50553B374D00}</UniqueIdentifier>
    </Filter>
    <Filter Include="nw_engine\src_cpp\gl\control">
      <UniqueIdentifier>{8A7ED885-7639-C831-1FF1-407C0B8B12C2}</UniqueIdentifier>
    </Filter>
    <Filter Include="nw_engine\src_cpp\gl\gcontext">
      <UniqueIdentifier>{15501E58-8168-0582-4A15-951BB6EC991B}</UniqueIdentifier>
    </Filter>
    <Filter Include="nw_engine\src_cpp\gl\render">
      <UniqueIdentifier>{0959DA35-7566-081C-FE4C-04076A59D4D2}</UniqueIdentifier>
    </Filter>
    <Filter Include="nw_engine\src_cpp\gl\vision">
      <UniqueIdentifier>{01327A3F-6D3F-A825-F625-A410623274DC}</UniqueIdentifier>
    </Filter>
    <Filter Include="nw_engine\src_cpp\gui">
      <UniqueIdentifier>{8C9416A7-F800-D2A1-C1F4-69FF2D20F409}</UniqueIdentifier>
    </Filter>
    <Filter Include="nw_engine\src_cpp\lib">
      <UniqueIdentifier>{3EA816A7-AA14-D2A1-7308-6AFFDF33F409}</UniqueIdentifier>
    </Filter>
    <Filter Include="nw_engine\src_cpp\lib\utils">
      <UniqueIdentifier>{3E703872-AA7D-6658-3364-62439F70320F}</UniqueIdentifier>
    </Filter>
    <Filter Include="nw_engine\src_cpp\lua">
      <UniqueIdentifier>{C9A916A7-3516-D2A1-FE09-6AFF6A35F409}</UniqueIdentifier>
    </Filter>
    <Filter Include="nw_engine\src_cpp\sys">
      <UniqueIdentifier>{26C816A7-9234-D2A1-5B28-6AFFC753F409}</UniqueIdentifier>
    </Filter>
    <Filter Include="src_cpp">
      <UniqueIdentifier>{AF454AA9-1B25-C944-243D-541B909B2FA6}</UniqueIdentifier>
    </Filter>
  </ItemGroup>
  <ItemGroup>
    <ClInclude Include="src_cpp\nwg_pch.hpp">
      <Filter>src_cpp</Filter>
    </ClInclude>
    <ClInclude Include="src_cpp\nwg_game_state.h" />
  </ItemGroup>
  <ItemGroup>
    <ClCompile Include="src_cpp\nwg_entry.cpp">
      <Filter>src_cpp</Filter>
    </ClCompile>
    <ClCompile Include="src_cpp\nwg_pch.cpp">
      <Filter>src_cpp</Filter>
    </ClCompile>
    <ClCompile Include="src_cpp\nwg_game_state.cpp" />
  </ItemGroup>
</Project>