<?xml version="1.0" encoding="utf-8"?>
<Project ToolsVersion="4.0" xmlns="http://schemas.microsoft.com/developer/msbuild/2003">
  <ItemGroup>
    <Filter Include="src_cpp">
      <UniqueIdentifier>{AF454AA9-1B25-C944-243D-541B909B2FA6}</UniqueIdentifier>
    </Filter>
    <Filter Include="src_glsl">
      <UniqueIdentifier>{DE1C95D2-CAE9-EFDD-F302-DE85DF2E256C}</UniqueIdentifier>
    </Filter>
  </ItemGroup>
  <ItemGroup>
    <ClInclude Include="src_cpp\nwg_game_state.h">
      <Filter>src_cpp</Filter>
    </ClInclude>
    <ClInclude Include="src_cpp\nwg_pch.hpp">
      <Filter>src_cpp</Filter>
    </ClInclude>
  </ItemGroup>
  <ItemGroup>
    <ClCompile Include="src_cpp\nwg_entry.cpp">
      <Filter>src_cpp</Filter>
    </ClCompile>
    <ClCompile Include="src_cpp\nwg_game_state.cpp">
      <Filter>src_cpp</Filter>
    </ClCompile>
    <ClCompile Include="src_cpp\nwg_pch.cpp">
      <Filter>src_cpp</Filter>
    </ClCompile>
  </ItemGroup>
  <ItemGroup>
    <None Include="src_glsl\batch_2d.glsl">
      <Filter>src_glsl</Filter>
    </None>
    <None Include="src_glsl\batch_3d.glsl">
      <Filter>src_glsl</Filter>
    </None>
    <None Include="src_glsl\batch_gizmos.glsl">
      <Filter>src_glsl</Filter>
    </None>
    <None Include="src_glsl\batch_gui.glsl">
      <Filter>src_glsl</Filter>
    </None>
    <None Include="src_glsl\batch_lines.glsl">
      <Filter>src_glsl</Filter>
    </None>
    <None Include="src_glsl\batch_points.glsl">
      <Filter>src_glsl</Filter>
    </None>
    <None Include="src_glsl\core_2d.glsl">
      <Filter>src_glsl</Filter>
    </None>
    <None Include="src_glsl\core_3d.glsl">
      <Filter>src_glsl</Filter>
    </None>
    <None Include="src_glsl\display_img.glsl">
      <Filter>src_glsl</Filter>
    </None>
    <None Include="src_glsl\frame.glsl">
      <Filter>src_glsl</Filter>
    </None>
  </ItemGroup>
</Project>