<?xml version="1.0" encoding="utf-8"?>
<Project ToolsVersion="4.0" xmlns="http://schemas.microsoft.com/developer/msbuild/2003">
  <ItemGroup>
    <Filter Include="nw_engine">
      <UniqueIdentifier>{7F70A556-EBDA-59CD-3419-0B73A0C23722}</UniqueIdentifier>
    </Filter>
    <Filter Include="nw_engine\ext">
      <UniqueIdentifier>{5F1BF314-CBDB-6E4B-9416-B8C80096B327}</UniqueIdentifier>
    </Filter>
    <Filter Include="nw_engine\ext\glm">
      <UniqueIdentifier>{2E3DDB45-9A53-D9DB-E3CA-64FD4F20AA63}</UniqueIdentifier>
    </Filter>
    <Filter Include="nw_engine\ext\glm\glm">
      <UniqueIdentifier>{7DAE8D0E-E91A-4909-B20E-E1661E3A6B71}</UniqueIdentifier>
    </Filter>
    <Filter Include="nw_engine\ext\glm\glm\detail">
      <UniqueIdentifier>{9FD75CBB-8B92-4C67-344A-C5B120E496F7}</UniqueIdentifier>
    </Filter>
    <Filter Include="nw_engine\ext\glm\test">
      <UniqueIdentifier>{7D824AE0-697C-7332-52E9-09433E82D99E}</UniqueIdentifier>
    </Filter>
    <Filter Include="nw_engine\ext\glm\test\bug">
      <UniqueIdentifier>{2AEFAC2E-16FF-58FF-7FB8-BD1D6BE74798}</UniqueIdentifier>
    </Filter>
    <Filter Include="nw_engine\ext\glm\test\cmake">
      <UniqueIdentifier>{CD0BB38D-B9C6-A239-627E-1B844E18EDC9}</UniqueIdentifier>
    </Filter>
    <Filter Include="nw_engine\ext\glm\test\core">
      <UniqueIdentifier>{15494B04-8156-79EA-0A3D-75D5764945A1}</UniqueIdentifier>
    </Filter>
    <Filter Include="nw_engine\ext\glm\test\ext">
      <UniqueIdentifier>{5DFCAC2E-490C-59FF-B2C5-BD1D9EF44798}</UniqueIdentifier>
    </Filter>
    <Filter Include="nw_engine\ext\glm\test\gtc">
      <UniqueIdentifier>{4A04AD2E-3614-59FF-9FCD-BD1D8BFC4798}</UniqueIdentifier>
    </Filter>
    <Filter Include="nw_engine\ext\glm\test\gtx">
      <UniqueIdentifier>{5F04AD2E-4B14-59FF-B4CD-BD1DA0FC4798}</UniqueIdentifier>
    </Filter>
    <Filter Include="nw_engine\ext\glm\test\perf">
      <UniqueIdentifier>{793F5204-E54C-80EA-6E33-7CD5DA3F4CA1}</UniqueIdentifier>
    </Filter>
    <Filter Include="nw_engine\ext\imgui">
      <UniqueIdentifier>{09F4C329-7555-A137-FEC2-E7E96A23D8F6}</UniqueIdentifier>
    </Filter>
    <Filter Include="nw_engine\ext\imgui\examples">
      <UniqueIdentifier>{D7DB2BA4-C396-1B50-6C4E-949A58E865E0}</UniqueIdentifier>
    </Filter>
    <Filter Include="nw_engine\ext\imgui\examples\example_allegro5">
      <UniqueIdentifier>{4CB451D4-B824-544D-8143-CED5ED728C4E}</UniqueIdentifier>
    </Filter>
    <Filter Include="nw_engine\ext\imgui\examples\example_emscripten">
      <UniqueIdentifier>{AB8D16A9-17C9-766C-20BE-F3FB8C78FB9C}</UniqueIdentifier>
    </Filter>
    <Filter Include="nw_engine\ext\imgui\examples\example_glfw_opengl2">
      <UniqueIdentifier>{572F9A4E-C3F5-F66A-0C51-85CD785665CF}</UniqueIdentifier>
    </Filter>
    <Filter Include="nw_engine\ext\imgui\examples\example_glfw_opengl3">
      <UniqueIdentifier>{582F9A4E-C4F5-F66A-0D51-85CD795665CF}</UniqueIdentifier>
    </Filter>
    <Filter Include="nw_engine\ext\imgui\examples\example_glfw_vulkan">
      <UniqueIdentifier>{91BE80C5-7D67-E8F4-A6FD-037492050336}</UniqueIdentifier>
    </Filter>
    <Filter Include="nw_engine\ext\imgui\examples\example_glut_opengl2">
      <UniqueIdentifier>{435DC32D-AF23-204A-F87E-AEAC64848EAE}</UniqueIdentifier>
    </Filter>
    <Filter Include="nw_engine\ext\imgui\examples\example_marmalade">
      <UniqueIdentifier>{5503A08D-4181-F026-2A79-AEBE1696324F}</UniqueIdentifier>
    </Filter>
    <Filter Include="nw_engine\ext\imgui\examples\example_null">
      <UniqueIdentifier>{8CFD1DD6-F817-8177-413A-910BAD93A87E}</UniqueIdentifier>
    </Filter>
    <Filter Include="nw_engine\ext\imgui\examples\example_sdl_directx11">
      <UniqueIdentifier>{683D0068-54D1-F50F-BD95-4FC4A9483002}</UniqueIdentifier>
    </Filter>
    <Filter Include="nw_engine\ext\imgui\examples\example_sdl_opengl2">
      <UniqueIdentifier>{AABEC73A-9667-2F6A-BFFD-4AE9AB054AAB}</UniqueIdentifier>
    </Filter>
    <Filter Include="nw_engine\ext\imgui\examples\example_sdl_opengl3">
      <UniqueIdentifier>{ABBEC73A-9767-2F6A-C0FD-4AE9AC054AAB}</UniqueIdentifier>
    </Filter>
    <Filter Include="nw_engine\ext\imgui\examples\example_sdl_vulkan">
      <UniqueIdentifier>{842FC029-F06A-20ED-F95F-9D7C651AA51D}</UniqueIdentifier>
    </Filter>
    <Filter Include="nw_engine\ext\imgui\examples\example_win32_directx10">
      <UniqueIdentifier>{974558CF-8384-024B-2C07-DF7C1825B8B5}</UniqueIdentifier>
    </Filter>
    <Filter Include="nw_engine\ext\imgui\examples\example_win32_directx11">
      <UniqueIdentifier>{984558CF-8484-024B-2D07-DF7C1925B8B5}</UniqueIdentifier>
    </Filter>
    <Filter Include="nw_engine\ext\imgui\examples\example_win32_directx12">
      <UniqueIdentifier>{994558CF-8584-024B-2E07-DF7C1A25B8B5}</UniqueIdentifier>
    </Filter>
    <Filter Include="nw_engine\ext\imgui\examples\example_win32_directx9">
      <UniqueIdentifier>{8FB4216B-FBC5-C911-8417-5C51F027534B}</UniqueIdentifier>
    </Filter>
    <Filter Include="nw_engine\ext\imgui\misc">
      <UniqueIdentifier>{84F4EAFE-7019-3A7F-9964-1F0F85E8389D}</UniqueIdentifier>
    </Filter>
    <Filter Include="nw_engine\ext\imgui\misc\cpp">
      <UniqueIdentifier>{5610B5AC-42CB-A458-EB82-1DA3D71CEFE8}</UniqueIdentifier>
    </Filter>
    <Filter Include="nw_engine\ext\imgui\misc\fonts">
      <UniqueIdentifier>{DD4170AE-C967-3A15-B2AD-BFE09E725FE1}</UniqueIdentifier>
    </Filter>
    <Filter Include="nw_engine\ext\imgui\misc\freetype">
      <UniqueIdentifier>{B747714D-23B6-C6CC-6C9F-81CCD84CBC68}</UniqueIdentifier>
    </Filter>
    <Filter Include="nw_engine\src_cpp">
      <UniqueIdentifier>{183D726C-8453-7002-CDCA-FB233920418A}</UniqueIdentifier>
    </Filter>
    <Filter Include="nw_engine\src_cpp\core">
      <UniqueIdentifier>{90DCE689-7CD6-0FDC-6543-A6EC51DC7548}</UniqueIdentifier>
    </Filter>
    <Filter Include="nw_engine\src_cpp\ecs">
      <UniqueIdentifier>{C28916A7-2EF6-D1A1-F7E9-69FF6315F409}</UniqueIdentifier>
    </Filter>
    <Filter Include="nw_engine\src_cpp\gl">
      <UniqueIdentifier>{BA1BB390-A6AA-3C5A-4FC9-50553B374D00}</UniqueIdentifier>
    </Filter>
    <Filter Include="nw_engine\src_cpp\gl\control">
      <UniqueIdentifier>{8A7ED885-7639-C831-1FF1-407C0B8B12C2}</UniqueIdentifier>
    </Filter>
    <Filter Include="nw_engine\src_cpp\gl\gcontext">
      <UniqueIdentifier>{15501E58-8168-0582-4A15-951BB6EC991B}</UniqueIdentifier>
    </Filter>
    <Filter Include="nw_engine\src_cpp\gl\render">
      <UniqueIdentifier>{0959DA35-7566-081C-FE4C-04076A59D4D2}</UniqueIdentifier>
    </Filter>
    <Filter Include="nw_engine\src_cpp\gl\vision">
      <UniqueIdentifier>{01327A3F-6D3F-A825-F625-A410623274DC}</UniqueIdentifier>
    </Filter>
    <Filter Include="nw_engine\src_cpp\gui">
      <UniqueIdentifier>{8C9416A7-F800-D2A1-C1F4-69FF2D20F409}</UniqueIdentifier>
    </Filter>
    <Filter Include="nw_engine\src_cpp\lib">
      <UniqueIdentifier>{3EA816A7-AA14-D2A1-7308-6AFFDF33F409}</UniqueIdentifier>
    </Filter>
    <Filter Include="nw_engine\src_cpp\lib\utils">
      <UniqueIdentifier>{3E703872-AA7D-6658-3364-62439F70320F}</UniqueIdentifier>
    </Filter>
    <Filter Include="nw_engine\src_cpp\lua">
      <UniqueIdentifier>{C9A916A7-3516-D2A1-FE09-6AFF6A35F409}</UniqueIdentifier>
    </Filter>
    <Filter Include="nw_engine\src_cpp\sys">
      <UniqueIdentifier>{26C816A7-9234-D2A1-5B28-6AFFC753F409}</UniqueIdentifier>
    </Filter>
    <Filter Include="src_cpp">
      <UniqueIdentifier>{AF454AA9-1B25-C944-243D-541B909B2FA6}</UniqueIdentifier>
    </Filter>
  </ItemGroup>
  <ItemGroup>
    <ClInclude Include="src_cpp\nwg_pch.hpp">
      <Filter>src_cpp</Filter>
    </ClInclude>
  </ItemGroup>
  <ItemGroup>
    <ClCompile Include="..\nw_engine\ext\glm\glm\detail\glm.cpp">
      <Filter>nw_engine\ext\glm\glm\detail</Filter>
    </ClCompile>
    <ClCompile Include="..\nw_engine\ext\glm\test\bug\bug_ms_vec_static.cpp">
      <Filter>nw_engine\ext\glm\test\bug</Filter>
    </ClCompile>
    <ClCompile Include="..\nw_engine\ext\glm\test\cmake\test_find_glm.cpp">
      <Filter>nw_engine\ext\glm\test\cmake</Filter>
    </ClCompile>
    <ClCompile Include="..\nw_engine\ext\glm\test\core\core_cpp_constexpr.cpp">
      <Filter>nw_engine\ext\glm\test\core</Filter>
    </ClCompile>
    <ClCompile Include="..\nw_engine\ext\glm\test\core\core_cpp_defaulted_ctor.cpp">
      <Filter>nw_engine\ext\glm\test\core</Filter>
    </ClCompile>
    <ClCompile Include="..\nw_engine\ext\glm\test\core\core_force_aligned_gentypes.cpp">
      <Filter>nw_engine\ext\glm\test\core</Filter>
    </ClCompile>
    <ClCompile Include="..\nw_engine\ext\glm\test\core\core_force_arch_unknown.cpp">
      <Filter>nw_engine\ext\glm\test\core</Filter>
    </ClCompile>
    <ClCompile Include="..\nw_engine\ext\glm\test\core\core_force_compiler_unknown.cpp">
      <Filter>nw_engine\ext\glm\test\core</Filter>
    </ClCompile>
    <ClCompile Include="..\nw_engine\ext\glm\test\core\core_force_ctor_init.cpp">
      <Filter>nw_engine\ext\glm\test\core</Filter>
    </ClCompile>
    <ClCompile Include="..\nw_engine\ext\glm\test\core\core_force_cxx03.cpp">
      <Filter>nw_engine\ext\glm\test\core</Filter>
    </ClCompile>
    <ClCompile Include="..\nw_engine\ext\glm\test\core\core_force_cxx98.cpp">
      <Filter>nw_engine\ext\glm\test\core</Filter>
    </ClCompile>
    <ClCompile Include="..\nw_engine\ext\glm\test\core\core_force_cxx_unknown.cpp">
      <Filter>nw_engine\ext\glm\test\core</Filter>
    </ClCompile>
    <ClCompile Include="..\nw_engine\ext\glm\test\core\core_force_depth_zero_to_one.cpp">
      <Filter>nw_engine\ext\glm\test\core</Filter>
    </ClCompile>
    <ClCompile Include="..\nw_engine\ext\glm\test\core\core_force_explicit_ctor.cpp">
      <Filter>nw_engine\ext\glm\test\core</Filter>
    </ClCompile>
    <ClCompile Include="..\nw_engine\ext\glm\test\core\core_force_inline.cpp">
      <Filter>nw_engine\ext\glm\test\core</Filter>
    </ClCompile>
    <ClCompile Include="..\nw_engine\ext\glm\test\core\core_force_left_handed.cpp">
      <Filter>nw_engine\ext\glm\test\core</Filter>
    </ClCompile>
    <ClCompile Include="..\nw_engine\ext\glm\test\core\core_force_platform_unknown.cpp">
      <Filter>nw_engine\ext\glm\test\core</Filter>
    </ClCompile>
    <ClCompile Include="..\nw_engine\ext\glm\test\core\core_force_pure.cpp">
      <Filter>nw_engine\ext\glm\test\core</Filter>
    </ClCompile>
    <ClCompile Include="..\nw_engine\ext\glm\test\core\core_force_quat_wxyz.cpp">
      <Filter>nw_engine\ext\glm\test\core</Filter>
    </ClCompile>
    <ClCompile Include="..\nw_engine\ext\glm\test\core\core_force_size_t_length.cpp">
      <Filter>nw_engine\ext\glm\test\core</Filter>
    </ClCompile>
    <ClCompile Include="..\nw_engine\ext\glm\test\core\core_force_unrestricted_gentype.cpp">
      <Filter>nw_engine\ext\glm\test\core</Filter>
    </ClCompile>
    <ClCompile Include="..\nw_engine\ext\glm\test\core\core_force_xyzw_only.cpp">
      <Filter>nw_engine\ext\glm\test\core</Filter>
    </ClCompile>
    <ClCompile Include="..\nw_engine\ext\glm\test\core\core_func_common.cpp">
      <Filter>nw_engine\ext\glm\test\core</Filter>
    </ClCompile>
    <ClCompile Include="..\nw_engine\ext\glm\test\core\core_func_exponential.cpp">
      <Filter>nw_engine\ext\glm\test\core</Filter>
    </ClCompile>
    <ClCompile Include="..\nw_engine\ext\glm\test\core\core_func_geometric.cpp">
      <Filter>nw_engine\ext\glm\test\core</Filter>
    </ClCompile>
    <ClCompile Include="..\nw_engine\ext\glm\test\core\core_func_integer.cpp">
      <Filter>nw_engine\ext\glm\test\core</Filter>
    </ClCompile>
    <ClCompile Include="..\nw_engine\ext\glm\test\core\core_func_integer_bit_count.cpp">
      <Filter>nw_engine\ext\glm\test\core</Filter>
    </ClCompile>
    <ClCompile Include="..\nw_engine\ext\glm\test\core\core_func_integer_find_lsb.cpp">
      <Filter>nw_engine\ext\glm\test\core</Filter>
    </ClCompile>
    <ClCompile Include="..\nw_engine\ext\glm\test\core\core_func_integer_find_msb.cpp">
      <Filter>nw_engine\ext\glm\test\core</Filter>
    </ClCompile>
    <ClCompile Include="..\nw_engine\ext\glm\test\core\core_func_matrix.cpp">
      <Filter>nw_engine\ext\glm\test\core</Filter>
    </ClCompile>
    <ClCompile Include="..\nw_engine\ext\glm\test\core\core_func_noise.cpp">
      <Filter>nw_engine\ext\glm\test\core</Filter>
    </ClCompile>
    <ClCompile Include="..\nw_engine\ext\glm\test\core\core_func_packing.cpp">
      <Filter>nw_engine\ext\glm\test\core</Filter>
    </ClCompile>
    <ClCompile Include="..\nw_engine\ext\glm\test\core\core_func_swizzle.cpp">
      <Filter>nw_engine\ext\glm\test\core</Filter>
    </ClCompile>
    <ClCompile Include="..\nw_engine\ext\glm\test\core\core_func_trigonometric.cpp">
      <Filter>nw_engine\ext\glm\test\core</Filter>
    </ClCompile>
    <ClCompile Include="..\nw_engine\ext\glm\test\core\core_func_vector_relational.cpp">
      <Filter>nw_engine\ext\glm\test\core</Filter>
    </ClCompile>
    <ClCompile Include="..\nw_engine\ext\glm\test\core\core_setup_force_cxx98.cpp">
      <Filter>nw_engine\ext\glm\test\core</Filter>
    </ClCompile>
    <ClCompile Include="..\nw_engine\ext\glm\test\core\core_setup_force_size_t_length.cpp">
      <Filter>nw_engine\ext\glm\test\core</Filter>
    </ClCompile>
    <ClCompile Include="..\nw_engine\ext\glm\test\core\core_setup_message.cpp">
      <Filter>nw_engine\ext\glm\test\core</Filter>
    </ClCompile>
    <ClCompile Include="..\nw_engine\ext\glm\test\core\core_setup_platform_unknown.cpp">
      <Filter>nw_engine\ext\glm\test\core</Filter>
    </ClCompile>
    <ClCompile Include="..\nw_engine\ext\glm\test\core\core_setup_precision.cpp">
      <Filter>nw_engine\ext\glm\test\core</Filter>
    </ClCompile>
    <ClCompile Include="..\nw_engine\ext\glm\test\core\core_type_aligned.cpp">
      <Filter>nw_engine\ext\glm\test\core</Filter>
    </ClCompile>
    <ClCompile Include="..\nw_engine\ext\glm\test\core\core_type_cast.cpp">
      <Filter>nw_engine\ext\glm\test\core</Filter>
    </ClCompile>
    <ClCompile Include="..\nw_engine\ext\glm\test\core\core_type_ctor.cpp">
      <Filter>nw_engine\ext\glm\test\core</Filter>
    </ClCompile>
    <ClCompile Include="..\nw_engine\ext\glm\test\core\core_type_int.cpp">
      <Filter>nw_engine\ext\glm\test\core</Filter>
    </ClCompile>
    <ClCompile Include="..\nw_engine\ext\glm\test\core\core_type_length.cpp">
      <Filter>nw_engine\ext\glm\test\core</Filter>
    </ClCompile>
    <ClCompile Include="..\nw_engine\ext\glm\test\core\core_type_mat2x2.cpp">
      <Filter>nw_engine\ext\glm\test\core</Filter>
    </ClCompile>
    <ClCompile Include="..\nw_engine\ext\glm\test\core\core_type_mat2x3.cpp">
      <Filter>nw_engine\ext\glm\test\core</Filter>
    </ClCompile>
    <ClCompile Include="..\nw_engine\ext\glm\test\core\core_type_mat2x4.cpp">
      <Filter>nw_engine\ext\glm\test\core</Filter>
    </ClCompile>
    <ClCompile Include="..\nw_engine\ext\glm\test\core\core_type_mat3x2.cpp">
      <Filter>nw_engine\ext\glm\test\core</Filter>
    </ClCompile>
    <ClCompile Include="..\nw_engine\ext\glm\test\core\core_type_mat3x3.cpp">
      <Filter>nw_engine\ext\glm\test\core</Filter>
    </ClCompile>
    <ClCompile Include="..\nw_engine\ext\glm\test\core\core_type_mat3x4.cpp">
      <Filter>nw_engine\ext\glm\test\core</Filter>
    </ClCompile>
    <ClCompile Include="..\nw_engine\ext\glm\test\core\core_type_mat4x2.cpp">
      <Filter>nw_engine\ext\glm\test\core</Filter>
    </ClCompile>
    <ClCompile Include="..\nw_engine\ext\glm\test\core\core_type_mat4x3.cpp">
      <Filter>nw_engine\ext\glm\test\core</Filter>
    </ClCompile>
    <ClCompile Include="..\nw_engine\ext\glm\test\core\core_type_mat4x4.cpp">
      <Filter>nw_engine\ext\glm\test\core</Filter>
    </ClCompile>
    <ClCompile Include="..\nw_engine\ext\glm\test\core\core_type_vec1.cpp">
      <Filter>nw_engine\ext\glm\test\core</Filter>
    </ClCompile>
    <ClCompile Include="..\nw_engine\ext\glm\test\core\core_type_vec2.cpp">
      <Filter>nw_engine\ext\glm\test\core</Filter>
    </ClCompile>
    <ClCompile Include="..\nw_engine\ext\glm\test\core\core_type_vec3.cpp">
      <Filter>nw_engine\ext\glm\test\core</Filter>
    </ClCompile>
    <ClCompile Include="..\nw_engine\ext\glm\test\core\core_type_vec4.cpp">
      <Filter>nw_engine\ext\glm\test\core</Filter>
    </ClCompile>
    <ClCompile Include="..\nw_engine\ext\glm\test\ext\ext_matrix_clip_space.cpp">
      <Filter>nw_engine\ext\glm\test\ext</Filter>
    </ClCompile>
    <ClCompile Include="..\nw_engine\ext\glm\test\ext\ext_matrix_common.cpp">
      <Filter>nw_engine\ext\glm\test\ext</Filter>
    </ClCompile>
    <ClCompile Include="..\nw_engine\ext\glm\test\ext\ext_matrix_int2x2_sized.cpp">
      <Filter>nw_engine\ext\glm\test\ext</Filter>
    </ClCompile>
    <ClCompile Include="..\nw_engine\ext\glm\test\ext\ext_matrix_int2x3_sized.cpp">
      <Filter>nw_engine\ext\glm\test\ext</Filter>
    </ClCompile>
    <ClCompile Include="..\nw_engine\ext\glm\test\ext\ext_matrix_int2x4_sized.cpp">
      <Filter>nw_engine\ext\glm\test\ext</Filter>
    </ClCompile>
    <ClCompile Include="..\nw_engine\ext\glm\test\ext\ext_matrix_int3x2_sized.cpp">
      <Filter>nw_engine\ext\glm\test\ext</Filter>
    </ClCompile>
    <ClCompile Include="..\nw_engine\ext\glm\test\ext\ext_matrix_int3x3_sized.cpp">
      <Filter>nw_engine\ext\glm\test\ext</Filter>
    </ClCompile>
    <ClCompile Include="..\nw_engine\ext\glm\test\ext\ext_matrix_int3x4_sized.cpp">
      <Filter>nw_engine\ext\glm\test\ext</Filter>
    </ClCompile>
    <ClCompile Include="..\nw_engine\ext\glm\test\ext\ext_matrix_int4x2_sized.cpp">
      <Filter>nw_engine\ext\glm\test\ext</Filter>
    </ClCompile>
    <ClCompile Include="..\nw_engine\ext\glm\test\ext\ext_matrix_int4x3_sized.cpp">
      <Filter>nw_engine\ext\glm\test\ext</Filter>
    </ClCompile>
    <ClCompile Include="..\nw_engine\ext\glm\test\ext\ext_matrix_int4x4_sized.cpp">
      <Filter>nw_engine\ext\glm\test\ext</Filter>
    </ClCompile>
    <ClCompile Include="..\nw_engine\ext\glm\test\ext\ext_matrix_projection.cpp">
      <Filter>nw_engine\ext\glm\test\ext</Filter>
    </ClCompile>
    <ClCompile Include="..\nw_engine\ext\glm\test\ext\ext_matrix_relational.cpp">
      <Filter>nw_engine\ext\glm\test\ext</Filter>
    </ClCompile>
    <ClCompile Include="..\nw_engine\ext\glm\test\ext\ext_matrix_transform.cpp">
      <Filter>nw_engine\ext\glm\test\ext</Filter>
    </ClCompile>
    <ClCompile Include="..\nw_engine\ext\glm\test\ext\ext_matrix_uint2x2_sized.cpp">
      <Filter>nw_engine\ext\glm\test\ext</Filter>
    </ClCompile>
    <ClCompile Include="..\nw_engine\ext\glm\test\ext\ext_matrix_uint2x3_sized.cpp">
      <Filter>nw_engine\ext\glm\test\ext</Filter>
    </ClCompile>
    <ClCompile Include="..\nw_engine\ext\glm\test\ext\ext_matrix_uint2x4_sized.cpp">
      <Filter>nw_engine\ext\glm\test\ext</Filter>
    </ClCompile>
    <ClCompile Include="..\nw_engine\ext\glm\test\ext\ext_matrix_uint3x2_sized.cpp">
      <Filter>nw_engine\ext\glm\test\ext</Filter>
    </ClCompile>
    <ClCompile Include="..\nw_engine\ext\glm\test\ext\ext_matrix_uint3x3_sized.cpp">
      <Filter>nw_engine\ext\glm\test\ext</Filter>
    </ClCompile>
    <ClCompile Include="..\nw_engine\ext\glm\test\ext\ext_matrix_uint3x4_sized.cpp">
      <Filter>nw_engine\ext\glm\test\ext</Filter>
    </ClCompile>
    <ClCompile Include="..\nw_engine\ext\glm\test\ext\ext_matrix_uint4x2_sized.cpp">
      <Filter>nw_engine\ext\glm\test\ext</Filter>
    </ClCompile>
    <ClCompile Include="..\nw_engine\ext\glm\test\ext\ext_matrix_uint4x3_sized.cpp">
      <Filter>nw_engine\ext\glm\test\ext</Filter>
    </ClCompile>
    <ClCompile Include="..\nw_engine\ext\glm\test\ext\ext_matrix_uint4x4_sized.cpp">
      <Filter>nw_engine\ext\glm\test\ext</Filter>
    </ClCompile>
    <ClCompile Include="..\nw_engine\ext\glm\test\ext\ext_quaternion_common.cpp">
      <Filter>nw_engine\ext\glm\test\ext</Filter>
    </ClCompile>
    <ClCompile Include="..\nw_engine\ext\glm\test\ext\ext_quaternion_exponential.cpp">
      <Filter>nw_engine\ext\glm\test\ext</Filter>
    </ClCompile>
    <ClCompile Include="..\nw_engine\ext\glm\test\ext\ext_quaternion_geometric.cpp">
      <Filter>nw_engine\ext\glm\test\ext</Filter>
    </ClCompile>
    <ClCompile Include="..\nw_engine\ext\glm\test\ext\ext_quaternion_relational.cpp">
      <Filter>nw_engine\ext\glm\test\ext</Filter>
    </ClCompile>
    <ClCompile Include="..\nw_engine\ext\glm\test\ext\ext_quaternion_transform.cpp">
      <Filter>nw_engine\ext\glm\test\ext</Filter>
    </ClCompile>
    <ClCompile Include="..\nw_engine\ext\glm\test\ext\ext_quaternion_trigonometric.cpp">
      <Filter>nw_engine\ext\glm\test\ext</Filter>
    </ClCompile>
    <ClCompile Include="..\nw_engine\ext\glm\test\ext\ext_quaternion_type.cpp">
      <Filter>nw_engine\ext\glm\test\ext</Filter>
    </ClCompile>
    <ClCompile Include="..\nw_engine\ext\glm\test\ext\ext_scalar_common.cpp">
      <Filter>nw_engine\ext\glm\test\ext</Filter>
    </ClCompile>
    <ClCompile Include="..\nw_engine\ext\glm\test\ext\ext_scalar_constants.cpp">
      <Filter>nw_engine\ext\glm\test\ext</Filter>
    </ClCompile>
    <ClCompile Include="..\nw_engine\ext\glm\test\ext\ext_scalar_int_sized.cpp">
      <Filter>nw_engine\ext\glm\test\ext</Filter>
    </ClCompile>
    <ClCompile Include="..\nw_engine\ext\glm\test\ext\ext_scalar_integer.cpp">
      <Filter>nw_engine\ext\glm\test\ext</Filter>
    </ClCompile>
    <ClCompile Include="..\nw_engine\ext\glm\test\ext\ext_scalar_packing.cpp">
      <Filter>nw_engine\ext\glm\test\ext</Filter>
    </ClCompile>
    <ClCompile Include="..\nw_engine\ext\glm\test\ext\ext_scalar_reciprocal.cpp">
      <Filter>nw_engine\ext\glm\test\ext</Filter>
    </ClCompile>
    <ClCompile Include="..\nw_engine\ext\glm\test\ext\ext_scalar_relational.cpp">
      <Filter>nw_engine\ext\glm\test\ext</Filter>
    </ClCompile>
    <ClCompile Include="..\nw_engine\ext\glm\test\ext\ext_scalar_uint_sized.cpp">
      <Filter>nw_engine\ext\glm\test\ext</Filter>
    </ClCompile>
    <ClCompile Include="..\nw_engine\ext\glm\test\ext\ext_scalar_ulp.cpp">
      <Filter>nw_engine\ext\glm\test\ext</Filter>
    </ClCompile>
    <ClCompile Include="..\nw_engine\ext\glm\test\ext\ext_vec1.cpp">
      <Filter>nw_engine\ext\glm\test\ext</Filter>
    </ClCompile>
    <ClCompile Include="..\nw_engine\ext\glm\test\ext\ext_vector_bool1.cpp">
      <Filter>nw_engine\ext\glm\test\ext</Filter>
    </ClCompile>
    <ClCompile Include="..\nw_engine\ext\glm\test\ext\ext_vector_common.cpp">
      <Filter>nw_engine\ext\glm\test\ext</Filter>
    </ClCompile>
    <ClCompile Include="..\nw_engine\ext\glm\test\ext\ext_vector_iec559.cpp">
      <Filter>nw_engine\ext\glm\test\ext</Filter>
    </ClCompile>
    <ClCompile Include="..\nw_engine\ext\glm\test\ext\ext_vector_int1_sized.cpp">
      <Filter>nw_engine\ext\glm\test\ext</Filter>
    </ClCompile>
    <ClCompile Include="..\nw_engine\ext\glm\test\ext\ext_vector_int2_sized.cpp">
      <Filter>nw_engine\ext\glm\test\ext</Filter>
    </ClCompile>
    <ClCompile Include="..\nw_engine\ext\glm\test\ext\ext_vector_int3_sized.cpp">
      <Filter>nw_engine\ext\glm\test\ext</Filter>
    </ClCompile>
    <ClCompile Include="..\nw_engine\ext\glm\test\ext\ext_vector_int4_sized.cpp">
      <Filter>nw_engine\ext\glm\test\ext</Filter>
    </ClCompile>
    <ClCompile Include="..\nw_engine\ext\glm\test\ext\ext_vector_integer.cpp">
      <Filter>nw_engine\ext\glm\test\ext</Filter>
    </ClCompile>
    <ClCompile Include="..\nw_engine\ext\glm\test\ext\ext_vector_integer_sized.cpp">
      <Filter>nw_engine\ext\glm\test\ext</Filter>
    </ClCompile>
    <ClCompile Include="..\nw_engine\ext\glm\test\ext\ext_vector_packing.cpp">
      <Filter>nw_engine\ext\glm\test\ext</Filter>
    </ClCompile>
    <ClCompile Include="..\nw_engine\ext\glm\test\ext\ext_vector_reciprocal.cpp">
      <Filter>nw_engine\ext\glm\test\ext</Filter>
    </ClCompile>
    <ClCompile Include="..\nw_engine\ext\glm\test\ext\ext_vector_relational.cpp">
      <Filter>nw_engine\ext\glm\test\ext</Filter>
    </ClCompile>
    <ClCompile Include="..\nw_engine\ext\glm\test\ext\ext_vector_uint1_sized.cpp">
      <Filter>nw_engine\ext\glm\test\ext</Filter>
    </ClCompile>
    <ClCompile Include="..\nw_engine\ext\glm\test\ext\ext_vector_uint2_sized.cpp">
      <Filter>nw_engine\ext\glm\test\ext</Filter>
    </ClCompile>
    <ClCompile Include="..\nw_engine\ext\glm\test\ext\ext_vector_uint3_sized.cpp">
      <Filter>nw_engine\ext\glm\test\ext</Filter>
    </ClCompile>
    <ClCompile Include="..\nw_engine\ext\glm\test\ext\ext_vector_uint4_sized.cpp">
      <Filter>nw_engine\ext\glm\test\ext</Filter>
    </ClCompile>
    <ClCompile Include="..\nw_engine\ext\glm\test\ext\ext_vector_ulp.cpp">
      <Filter>nw_engine\ext\glm\test\ext</Filter>
    </ClCompile>
    <ClCompile Include="..\nw_engine\ext\glm\test\gtc\gtc_bitfield.cpp">
      <Filter>nw_engine\ext\glm\test\gtc</Filter>
    </ClCompile>
    <ClCompile Include="..\nw_engine\ext\glm\test\gtc\gtc_color_space.cpp">
      <Filter>nw_engine\ext\glm\test\gtc</Filter>
    </ClCompile>
    <ClCompile Include="..\nw_engine\ext\glm\test\gtc\gtc_constants.cpp">
      <Filter>nw_engine\ext\glm\test\gtc</Filter>
    </ClCompile>
    <ClCompile Include="..\nw_engine\ext\glm\test\gtc\gtc_epsilon.cpp">
      <Filter>nw_engine\ext\glm\test\gtc</Filter>
    </ClCompile>
    <ClCompile Include="..\nw_engine\ext\glm\test\gtc\gtc_integer.cpp">
      <Filter>nw_engine\ext\glm\test\gtc</Filter>
    </ClCompile>
    <ClCompile Include="..\nw_engine\ext\glm\test\gtc\gtc_matrix_access.cpp">
      <Filter>nw_engine\ext\glm\test\gtc</Filter>
    </ClCompile>
    <ClCompile Include="..\nw_engine\ext\glm\test\gtc\gtc_matrix_integer.cpp">
      <Filter>nw_engine\ext\glm\test\gtc</Filter>
    </ClCompile>
    <ClCompile Include="..\nw_engine\ext\glm\test\gtc\gtc_matrix_inverse.cpp">
      <Filter>nw_engine\ext\glm\test\gtc</Filter>
    </ClCompile>
    <ClCompile Include="..\nw_engine\ext\glm\test\gtc\gtc_matrix_transform.cpp">
      <Filter>nw_engine\ext\glm\test\gtc</Filter>
    </ClCompile>
    <ClCompile Include="..\nw_engine\ext\glm\test\gtc\gtc_noise.cpp">
      <Filter>nw_engine\ext\glm\test\gtc</Filter>
    </ClCompile>
    <ClCompile Include="..\nw_engine\ext\glm\test\gtc\gtc_packing.cpp">
      <Filter>nw_engine\ext\glm\test\gtc</Filter>
    </ClCompile>
    <ClCompile Include="..\nw_engine\ext\glm\test\gtc\gtc_quaternion.cpp">
      <Filter>nw_engine\ext\glm\test\gtc</Filter>
    </ClCompile>
    <ClCompile Include="..\nw_engine\ext\glm\test\gtc\gtc_random.cpp">
      <Filter>nw_engine\ext\glm\test\gtc</Filter>
    </ClCompile>
    <ClCompile Include="..\nw_engine\ext\glm\test\gtc\gtc_reciprocal.cpp">
      <Filter>nw_engine\ext\glm\test\gtc</Filter>
    </ClCompile>
    <ClCompile Include="..\nw_engine\ext\glm\test\gtc\gtc_round.cpp">
      <Filter>nw_engine\ext\glm\test\gtc</Filter>
    </ClCompile>
    <ClCompile Include="..\nw_engine\ext\glm\test\gtc\gtc_type_aligned.cpp">
      <Filter>nw_engine\ext\glm\test\gtc</Filter>
    </ClCompile>
    <ClCompile Include="..\nw_engine\ext\glm\test\gtc\gtc_type_precision.cpp">
      <Filter>nw_engine\ext\glm\test\gtc</Filter>
    </ClCompile>
    <ClCompile Include="..\nw_engine\ext\glm\test\gtc\gtc_type_ptr.cpp">
      <Filter>nw_engine\ext\glm\test\gtc</Filter>
    </ClCompile>
    <ClCompile Include="..\nw_engine\ext\glm\test\gtc\gtc_ulp.cpp">
      <Filter>nw_engine\ext\glm\test\gtc</Filter>
    </ClCompile>
    <ClCompile Include="..\nw_engine\ext\glm\test\gtc\gtc_user_defined_types.cpp">
      <Filter>nw_engine\ext\glm\test\gtc</Filter>
    </ClCompile>
    <ClCompile Include="..\nw_engine\ext\glm\test\gtc\gtc_vec1.cpp">
      <Filter>nw_engine\ext\glm\test\gtc</Filter>
    </ClCompile>
    <ClCompile Include="..\nw_engine\ext\glm\test\gtx\gtx.cpp">
      <Filter>nw_engine\ext\glm\test\gtx</Filter>
    </ClCompile>
    <ClCompile Include="..\nw_engine\ext\glm\test\gtx\gtx_associated_min_max.cpp">
      <Filter>nw_engine\ext\glm\test\gtx</Filter>
    </ClCompile>
    <ClCompile Include="..\nw_engine\ext\glm\test\gtx\gtx_closest_point.cpp">
      <Filter>nw_engine\ext\glm\test\gtx</Filter>
    </ClCompile>
    <ClCompile Include="..\nw_engine\ext\glm\test\gtx\gtx_color_encoding.cpp">
      <Filter>nw_engine\ext\glm\test\gtx</Filter>
    </ClCompile>
    <ClCompile Include="..\nw_engine\ext\glm\test\gtx\gtx_color_space.cpp">
      <Filter>nw_engine\ext\glm\test\gtx</Filter>
    </ClCompile>
    <ClCompile Include="..\nw_engine\ext\glm\test\gtx\gtx_color_space_YCoCg.cpp">
      <Filter>nw_engine\ext\glm\test\gtx</Filter>
    </ClCompile>
    <ClCompile Include="..\nw_engine\ext\glm\test\gtx\gtx_common.cpp">
      <Filter>nw_engine\ext\glm\test\gtx</Filter>
    </ClCompile>
    <ClCompile Include="..\nw_engine\ext\glm\test\gtx\gtx_compatibility.cpp">
      <Filter>nw_engine\ext\glm\test\gtx</Filter>
    </ClCompile>
    <ClCompile Include="..\nw_engine\ext\glm\test\gtx\gtx_component_wise.cpp">
      <Filter>nw_engine\ext\glm\test\gtx</Filter>
    </ClCompile>
    <ClCompile Include="..\nw_engine\ext\glm\test\gtx\gtx_dual_quaternion.cpp">
      <Filter>nw_engine\ext\glm\test\gtx</Filter>
    </ClCompile>
    <ClCompile Include="..\nw_engine\ext\glm\test\gtx\gtx_easing.cpp">
      <Filter>nw_engine\ext\glm\test\gtx</Filter>
    </ClCompile>
    <ClCompile Include="..\nw_engine\ext\glm\test\gtx\gtx_euler_angle.cpp">
      <Filter>nw_engine\ext\glm\test\gtx</Filter>
    </ClCompile>
    <ClCompile Include="..\nw_engine\ext\glm\test\gtx\gtx_extend.cpp">
      <Filter>nw_engine\ext\glm\test\gtx</Filter>
    </ClCompile>
    <ClCompile Include="..\nw_engine\ext\glm\test\gtx\gtx_extended_min_max.cpp">
      <Filter>nw_engine\ext\glm\test\gtx</Filter>
    </ClCompile>
    <ClCompile Include="..\nw_engine\ext\glm\test\gtx\gtx_extented_min_max.cpp">
      <Filter>nw_engine\ext\glm\test\gtx</Filter>
    </ClCompile>
    <ClCompile Include="..\nw_engine\ext\glm\test\gtx\gtx_exterior_product.cpp">
      <Filter>nw_engine\ext\glm\test\gtx</Filter>
    </ClCompile>
    <ClCompile Include="..\nw_engine\ext\glm\test\gtx\gtx_fast_exponential.cpp">
      <Filter>nw_engine\ext\glm\test\gtx</Filter>
    </ClCompile>
    <ClCompile Include="..\nw_engine\ext\glm\test\gtx\gtx_fast_square_root.cpp">
      <Filter>nw_engine\ext\glm\test\gtx</Filter>
    </ClCompile>
    <ClCompile Include="..\nw_engine\ext\glm\test\gtx\gtx_fast_trigonometry.cpp">
      <Filter>nw_engine\ext\glm\test\gtx</Filter>
    </ClCompile>
    <ClCompile Include="..\nw_engine\ext\glm\test\gtx\gtx_functions.cpp">
      <Filter>nw_engine\ext\glm\test\gtx</Filter>
    </ClCompile>
    <ClCompile Include="..\nw_engine\ext\glm\test\gtx\gtx_gradient_paint.cpp">
      <Filter>nw_engine\ext\glm\test\gtx</Filter>
    </ClCompile>
    <ClCompile Include="..\nw_engine\ext\glm\test\gtx\gtx_handed_coordinate_space.cpp">
      <Filter>nw_engine\ext\glm\test\gtx</Filter>
    </ClCompile>
    <ClCompile Include="..\nw_engine\ext\glm\test\gtx\gtx_int_10_10_10_2.cpp">
      <Filter>nw_engine\ext\glm\test\gtx</Filter>
    </ClCompile>
    <ClCompile Include="..\nw_engine\ext\glm\test\gtx\gtx_integer.cpp">
      <Filter>nw_engine\ext\glm\test\gtx</Filter>
    </ClCompile>
    <ClCompile Include="..\nw_engine\ext\glm\test\gtx\gtx_intersect.cpp">
      <Filter>nw_engine\ext\glm\test\gtx</Filter>
    </ClCompile>
    <ClCompile Include="..\nw_engine\ext\glm\test\gtx\gtx_io.cpp">
      <Filter>nw_engine\ext\glm\test\gtx</Filter>
    </ClCompile>
    <ClCompile Include="..\nw_engine\ext\glm\test\gtx\gtx_load.cpp">
      <Filter>nw_engine\ext\glm\test\gtx</Filter>
    </ClCompile>
    <ClCompile Include="..\nw_engine\ext\glm\test\gtx\gtx_log_base.cpp">
      <Filter>nw_engine\ext\glm\test\gtx</Filter>
    </ClCompile>
    <ClCompile Include="..\nw_engine\ext\glm\test\gtx\gtx_matrix_cross_product.cpp">
      <Filter>nw_engine\ext\glm\test\gtx</Filter>
    </ClCompile>
    <ClCompile Include="..\nw_engine\ext\glm\test\gtx\gtx_matrix_decompose.cpp">
      <Filter>nw_engine\ext\glm\test\gtx</Filter>
    </ClCompile>
    <ClCompile Include="..\nw_engine\ext\glm\test\gtx\gtx_matrix_factorisation.cpp">
      <Filter>nw_engine\ext\glm\test\gtx</Filter>
    </ClCompile>
    <ClCompile Include="..\nw_engine\ext\glm\test\gtx\gtx_matrix_interpolation.cpp">
      <Filter>nw_engine\ext\glm\test\gtx</Filter>
    </ClCompile>
    <ClCompile Include="..\nw_engine\ext\glm\test\gtx\gtx_matrix_major_storage.cpp">
      <Filter>nw_engine\ext\glm\test\gtx</Filter>
    </ClCompile>
    <ClCompile Include="..\nw_engine\ext\glm\test\gtx\gtx_matrix_operation.cpp">
      <Filter>nw_engine\ext\glm\test\gtx</Filter>
    </ClCompile>
    <ClCompile Include="..\nw_engine\ext\glm\test\gtx\gtx_matrix_query.cpp">
      <Filter>nw_engine\ext\glm\test\gtx</Filter>
    </ClCompile>
    <ClCompile Include="..\nw_engine\ext\glm\test\gtx\gtx_matrix_transform_2d.cpp">
      <Filter>nw_engine\ext\glm\test\gtx</Filter>
    </ClCompile>
    <ClCompile Include="..\nw_engine\ext\glm\test\gtx\gtx_mixed_product.cpp">
      <Filter>nw_engine\ext\glm\test\gtx</Filter>
    </ClCompile>
    <ClCompile Include="..\nw_engine\ext\glm\test\gtx\gtx_norm.cpp">
      <Filter>nw_engine\ext\glm\test\gtx</Filter>
    </ClCompile>
    <ClCompile Include="..\nw_engine\ext\glm\test\gtx\gtx_normal.cpp">
      <Filter>nw_engine\ext\glm\test\gtx</Filter>
    </ClCompile>
    <ClCompile Include="..\nw_engine\ext\glm\test\gtx\gtx_normalize_dot.cpp">
      <Filter>nw_engine\ext\glm\test\gtx</Filter>
    </ClCompile>
    <ClCompile Include="..\nw_engine\ext\glm\test\gtx\gtx_number_precision.cpp">
      <Filter>nw_engine\ext\glm\test\gtx</Filter>
    </ClCompile>
    <ClCompile Include="..\nw_engine\ext\glm\test\gtx\gtx_optimum_pow.cpp">
      <Filter>nw_engine\ext\glm\test\gtx</Filter>
    </ClCompile>
    <ClCompile Include="..\nw_engine\ext\glm\test\gtx\gtx_orthonormalize.cpp">
      <Filter>nw_engine\ext\glm\test\gtx</Filter>
    </ClCompile>
    <ClCompile Include="..\nw_engine\ext\glm\test\gtx\gtx_perpendicular.cpp">
      <Filter>nw_engine\ext\glm\test\gtx</Filter>
    </ClCompile>
    <ClCompile Include="..\nw_engine\ext\glm\test\gtx\gtx_polar_coordinates.cpp">
      <Filter>nw_engine\ext\glm\test\gtx</Filter>
    </ClCompile>
    <ClCompile Include="..\nw_engine\ext\glm\test\gtx\gtx_projection.cpp">
      <Filter>nw_engine\ext\glm\test\gtx</Filter>
    </ClCompile>
    <ClCompile Include="..\nw_engine\ext\glm\test\gtx\gtx_quaternion.cpp">
      <Filter>nw_engine\ext\glm\test\gtx</Filter>
    </ClCompile>
    <ClCompile Include="..\nw_engine\ext\glm\test\gtx\gtx_random.cpp">
      <Filter>nw_engine\ext\glm\test\gtx</Filter>
    </ClCompile>
    <ClCompile Include="..\nw_engine\ext\glm\test\gtx\gtx_range.cpp">
      <Filter>nw_engine\ext\glm\test\gtx</Filter>
    </ClCompile>
    <ClCompile Include="..\nw_engine\ext\glm\test\gtx\gtx_rotate_normalized_axis.cpp">
      <Filter>nw_engine\ext\glm\test\gtx</Filter>
    </ClCompile>
    <ClCompile Include="..\nw_engine\ext\glm\test\gtx\gtx_rotate_vector.cpp">
      <Filter>nw_engine\ext\glm\test\gtx</Filter>
    </ClCompile>
    <ClCompile Include="..\nw_engine\ext\glm\test\gtx\gtx_scalar_multiplication.cpp">
      <Filter>nw_engine\ext\glm\test\gtx</Filter>
    </ClCompile>
    <ClCompile Include="..\nw_engine\ext\glm\test\gtx\gtx_scalar_relational.cpp">
      <Filter>nw_engine\ext\glm\test\gtx</Filter>
    </ClCompile>
    <ClCompile Include="..\nw_engine\ext\glm\test\gtx\gtx_simd_mat4.cpp">
      <Filter>nw_engine\ext\glm\test\gtx</Filter>
    </ClCompile>
    <ClCompile Include="..\nw_engine\ext\glm\test\gtx\gtx_simd_vec4.cpp">
      <Filter>nw_engine\ext\glm\test\gtx</Filter>
    </ClCompile>
    <ClCompile Include="..\nw_engine\ext\glm\test\gtx\gtx_spline.cpp">
      <Filter>nw_engine\ext\glm\test\gtx</Filter>
    </ClCompile>
    <ClCompile Include="..\nw_engine\ext\glm\test\gtx\gtx_string_cast.cpp">
      <Filter>nw_engine\ext\glm\test\gtx</Filter>
    </ClCompile>
    <ClCompile Include="..\nw_engine\ext\glm\test\gtx\gtx_texture.cpp">
      <Filter>nw_engine\ext\glm\test\gtx</Filter>
    </ClCompile>
    <ClCompile Include="..\nw_engine\ext\glm\test\gtx\gtx_type_aligned.cpp">
      <Filter>nw_engine\ext\glm\test\gtx</Filter>
    </ClCompile>
    <ClCompile Include="..\nw_engine\ext\glm\test\gtx\gtx_type_trait.cpp">
      <Filter>nw_engine\ext\glm\test\gtx</Filter>
    </ClCompile>
    <ClCompile Include="..\nw_engine\ext\glm\test\gtx\gtx_vec_swizzle.cpp">
      <Filter>nw_engine\ext\glm\test\gtx</Filter>
    </ClCompile>
    <ClCompile Include="..\nw_engine\ext\glm\test\gtx\gtx_vector_angle.cpp">
      <Filter>nw_engine\ext\glm\test\gtx</Filter>
    </ClCompile>
    <ClCompile Include="..\nw_engine\ext\glm\test\gtx\gtx_vector_query.cpp">
      <Filter>nw_engine\ext\glm\test\gtx</Filter>
    </ClCompile>
    <ClCompile Include="..\nw_engine\ext\glm\test\gtx\gtx_wrap.cpp">
      <Filter>nw_engine\ext\glm\test\gtx</Filter>
    </ClCompile>
    <ClCompile Include="..\nw_engine\ext\glm\test\perf\perf_matrix_div.cpp">
      <Filter>nw_engine\ext\glm\test\perf</Filter>
    </ClCompile>
    <ClCompile Include="..\nw_engine\ext\glm\test\perf\perf_matrix_inverse.cpp">
      <Filter>nw_engine\ext\glm\test\perf</Filter>
    </ClCompile>
    <ClCompile Include="..\nw_engine\ext\glm\test\perf\perf_matrix_mul.cpp">
      <Filter>nw_engine\ext\glm\test\perf</Filter>
    </ClCompile>
    <ClCompile Include="..\nw_engine\ext\glm\test\perf\perf_matrix_mul_vector.cpp">
      <Filter>nw_engine\ext\glm\test\perf</Filter>
    </ClCompile>
    <ClCompile Include="..\nw_engine\ext\glm\test\perf\perf_matrix_transpose.cpp">
      <Filter>nw_engine\ext\glm\test\perf</Filter>
    </ClCompile>
    <ClCompile Include="..\nw_engine\ext\glm\test\perf\perf_vector_mul_matrix.cpp">
      <Filter>nw_engine\ext\glm\test\perf</Filter>
    </ClCompile>
    <ClCompile Include="..\nw_engine\ext\imgui\examples\example_allegro5\main.cpp">
      <Filter>nw_engine\ext\imgui\examples\example_allegro5</Filter>
    </ClCompile>
    <ClCompile Include="..\nw_engine\ext\imgui\examples\example_emscripten\main.cpp">
      <Filter>nw_engine\ext\imgui\examples\example_emscripten</Filter>
    </ClCompile>
    <ClCompile Include="..\nw_engine\ext\imgui\examples\example_glfw_opengl2\main.cpp">
      <Filter>nw_engine\ext\imgui\examples\example_glfw_opengl2</Filter>
    </ClCompile>
    <ClCompile Include="..\nw_engine\ext\imgui\examples\example_glfw_opengl3\main.cpp">
      <Filter>nw_engine\ext\imgui\examples\example_glfw_opengl3</Filter>
    </ClCompile>
    <ClCompile Include="..\nw_engine\ext\imgui\examples\example_glfw_vulkan\main.cpp">
      <Filter>nw_engine\ext\imgui\examples\example_glfw_vulkan</Filter>
    </ClCompile>
    <ClCompile Include="..\nw_engine\ext\imgui\examples\example_glut_opengl2\main.cpp">
      <Filter>nw_engine\ext\imgui\examples\example_glut_opengl2</Filter>
    </ClCompile>
    <ClCompile Include="..\nw_engine\ext\imgui\examples\example_marmalade\main.cpp">
      <Filter>nw_engine\ext\imgui\examples\example_marmalade</Filter>
    </ClCompile>
    <ClCompile Include="..\nw_engine\ext\imgui\examples\example_null\main.cpp">
      <Filter>nw_engine\ext\imgui\examples\example_null</Filter>
    </ClCompile>
    <ClCompile Include="..\nw_engine\ext\imgui\examples\example_sdl_directx11\main.cpp">
      <Filter>nw_engine\ext\imgui\examples\example_sdl_directx11</Filter>
    </ClCompile>
    <ClCompile Include="..\nw_engine\ext\imgui\examples\example_sdl_opengl2\main.cpp">
      <Filter>nw_engine\ext\imgui\examples\example_sdl_opengl2</Filter>
    </ClCompile>
    <ClCompile Include="..\nw_engine\ext\imgui\examples\example_sdl_opengl3\main.cpp">
      <Filter>nw_engine\ext\imgui\examples\example_sdl_opengl3</Filter>
    </ClCompile>
    <ClCompile Include="..\nw_engine\ext\imgui\examples\example_sdl_vulkan\main.cpp">
      <Filter>nw_engine\ext\imgui\examples\example_sdl_vulkan</Filter>
    </ClCompile>
    <ClCompile Include="..\nw_engine\ext\imgui\examples\example_win32_directx10\main.cpp">
      <Filter>nw_engine\ext\imgui\examples\example_win32_directx10</Filter>
    </ClCompile>
    <ClCompile Include="..\nw_engine\ext\imgui\examples\example_win32_directx11\main.cpp">
      <Filter>nw_engine\ext\imgui\examples\example_win32_directx11</Filter>
    </ClCompile>
    <ClCompile Include="..\nw_engine\ext\imgui\examples\example_win32_directx12\main.cpp">
      <Filter>nw_engine\ext\imgui\examples\example_win32_directx12</Filter>
    </ClCompile>
    <ClCompile Include="..\nw_engine\ext\imgui\examples\example_win32_directx9\main.cpp">
      <Filter>nw_engine\ext\imgui\examples\example_win32_directx9</Filter>
    </ClCompile>
    <ClCompile Include="..\nw_engine\ext\imgui\examples\imgui_impl_allegro5.cpp">
      <Filter>nw_engine\ext\imgui\examples</Filter>
    </ClCompile>
    <ClCompile Include="..\nw_engine\ext\imgui\examples\imgui_impl_dx10.cpp">
      <Filter>nw_engine\ext\imgui\examples</Filter>
    </ClCompile>
    <ClCompile Include="..\nw_engine\ext\imgui\examples\imgui_impl_dx11.cpp">
      <Filter>nw_engine\ext\imgui\examples</Filter>
    </ClCompile>
    <ClCompile Include="..\nw_engine\ext\imgui\examples\imgui_impl_dx12.cpp">
      <Filter>nw_engine\ext\imgui\examples</Filter>
    </ClCompile>
    <ClCompile Include="..\nw_engine\ext\imgui\examples\imgui_impl_dx9.cpp">
      <Filter>nw_engine\ext\imgui\examples</Filter>
    </ClCompile>
    <ClCompile Include="..\nw_engine\ext\imgui\examples\imgui_impl_glfw.cpp">
      <Filter>nw_engine\ext\imgui\examples</Filter>
    </ClCompile>
    <ClCompile Include="..\nw_engine\ext\imgui\examples\imgui_impl_glut.cpp">
      <Filter>nw_engine\ext\imgui\examples</Filter>
    </ClCompile>
    <ClCompile Include="..\nw_engine\ext\imgui\examples\imgui_impl_marmalade.cpp">
      <Filter>nw_engine\ext\imgui\examples</Filter>
    </ClCompile>
    <ClCompile Include="..\nw_engine\ext\imgui\examples\imgui_impl_opengl2.cpp">
      <Filter>nw_engine\ext\imgui\examples</Filter>
    </ClCompile>
    <ClCompile Include="..\nw_engine\ext\imgui\examples\imgui_impl_opengl3.cpp">
      <Filter>nw_engine\ext\imgui\examples</Filter>
    </ClCompile>
    <ClCompile Include="..\nw_engine\ext\imgui\examples\imgui_impl_sdl.cpp">
      <Filter>nw_engine\ext\imgui\examples</Filter>
    </ClCompile>
    <ClCompile Include="..\nw_engine\ext\imgui\examples\imgui_impl_vulkan.cpp">
      <Filter>nw_engine\ext\imgui\examples</Filter>
    </ClCompile>
    <ClCompile Include="..\nw_engine\ext\imgui\examples\imgui_impl_win32.cpp">
      <Filter>nw_engine\ext\imgui\examples</Filter>
    </ClCompile>
    <ClCompile Include="..\nw_engine\ext\imgui\imgui.cpp">
      <Filter>nw_engine\ext\imgui</Filter>
    </ClCompile>
    <ClCompile Include="..\nw_engine\ext\imgui\imgui_demo.cpp">
      <Filter>nw_engine\ext\imgui</Filter>
    </ClCompile>
    <ClCompile Include="..\nw_engine\ext\imgui\imgui_draw.cpp">
      <Filter>nw_engine\ext\imgui</Filter>
    </ClCompile>
    <ClCompile Include="..\nw_engine\ext\imgui\imgui_widgets.cpp">
      <Filter>nw_engine\ext\imgui</Filter>
    </ClCompile>
    <ClCompile Include="..\nw_engine\ext\imgui\misc\cpp\imgui_stdlib.cpp">
      <Filter>nw_engine\ext\imgui\misc\cpp</Filter>
    </ClCompile>
    <ClCompile Include="..\nw_engine\ext\imgui\misc\fonts\binary_to_compressed_c.cpp">
      <Filter>nw_engine\ext\imgui\misc\fonts</Filter>
    </ClCompile>
    <ClCompile Include="..\nw_engine\ext\imgui\misc\freetype\imgui_freetype.cpp">
      <Filter>nw_engine\ext\imgui\misc\freetype</Filter>
    </ClCompile>
    <ClCompile Include="..\nw_engine\src_cpp\core\ecs_scene.cpp">
      <Filter>nw_engine\src_cpp\core</Filter>
    </ClCompile>
    <ClCompile Include="..\nw_engine\src_cpp\core\nw_adata_res.cpp">
      <Filter>nw_engine\src_cpp\core</Filter>
    </ClCompile>
    <ClCompile Include="..\nw_engine\src_cpp\core\nw_engine.cpp">
      <Filter>nw_engine\src_cpp\core</Filter>
    </ClCompile>
    <ClCompile Include="..\nw_engine\src_cpp\core\nw_engine_state.cpp">
      <Filter>nw_engine\src_cpp\core</Filter>
    </ClCompile>
    <ClCompile Include="..\nw_engine\src_cpp\ecs\necs_aentity_cmp.cpp">
      <Filter>nw_engine\src_cpp\ecs</Filter>
    </ClCompile>
    <ClCompile Include="..\nw_engine\src_cpp\ecs\necs_collider_cmp.cpp">
      <Filter>nw_engine\src_cpp\ecs</Filter>
    </ClCompile>
    <ClCompile Include="..\nw_engine\src_cpp\ecs\necs_entity.cpp">
      <Filter>nw_engine\src_cpp\ecs</Filter>
    </ClCompile>
    <ClCompile Include="..\nw_engine\src_cpp\ecs\necs_graphics_cmp.cpp">
      <Filter>nw_engine\src_cpp\ecs</Filter>
    </ClCompile>
    <ClCompile Include="..\nw_engine\src_cpp\ecs\necs_physics_cmp.cpp">
      <Filter>nw_engine\src_cpp\ecs</Filter>
    </ClCompile>
    <ClCompile Include="..\nw_engine\src_cpp\ecs\necs_script_cmp.cpp">
      <Filter>nw_engine\src_cpp\ecs</Filter>
    </ClCompile>
    <ClCompile Include="..\nw_engine\src_cpp\ecs\necs_transform_cmp.cpp">
      <Filter>nw_engine\src_cpp\ecs</Filter>
    </ClCompile>
    <ClCompile Include="..\nw_engine\src_cpp\gl\control\ngl_agapi.cpp">
      <Filter>nw_engine\src_cpp\gl\control</Filter>
    </ClCompile>
    <ClCompile Include="..\nw_engine\src_cpp\gl\control\ngl_drawer.cpp">
      <Filter>nw_engine\src_cpp\gl\control</Filter>
    </ClCompile>
    <ClCompile Include="..\nw_engine\src_cpp\gl\control\ngl_gcamera_lad.cpp">
      <Filter>nw_engine\src_cpp\gl\control</Filter>
    </ClCompile>
    <ClCompile Include="..\nw_engine\src_cpp\gl\gcontext\ngl_aframebuf.cpp">
      <Filter>nw_engine\src_cpp\gl\gcontext</Filter>
    </ClCompile>
    <ClCompile Include="..\nw_engine\src_cpp\gl\gcontext\ngl_agcontext.cpp">
      <Filter>nw_engine\src_cpp\gl\gcontext</Filter>
    </ClCompile>
    <ClCompile Include="..\nw_engine\src_cpp\gl\gcontext\ngl_awindow.cpp">
      <Filter>nw_engine\src_cpp\gl\gcontext</Filter>
    </ClCompile>
    <ClCompile Include="..\nw_engine\src_cpp\gl\ngl_lib.cpp">
      <Filter>nw_engine\src_cpp\gl</Filter>
    </ClCompile>
    <ClCompile Include="..\nw_engine\src_cpp\gl\render\ngl_adrawable.cpp">
      <Filter>nw_engine\src_cpp\gl\render</Filter>
    </ClCompile>
    <ClCompile Include="..\nw_engine\src_cpp\gl\render\ngl_atexture.cpp">
      <Filter>nw_engine\src_cpp\gl\render</Filter>
    </ClCompile>
    <ClCompile Include="..\nw_engine\src_cpp\gl\vision\ngl_agmaterial.cpp">
      <Filter>nw_engine\src_cpp\gl\vision</Filter>
    </ClCompile>
    <ClCompile Include="..\nw_engine\src_cpp\gl\vision\ngl_ashader.cpp">
      <Filter>nw_engine\src_cpp\gl\vision</Filter>
    </ClCompile>
    <ClCompile Include="..\nw_engine\src_cpp\gl\vision\ngl_gcamera.cpp">
      <Filter>nw_engine\src_cpp\gl\vision</Filter>
    </ClCompile>
    <ClCompile Include="..\nw_engine\src_cpp\gui\ngui_awidget.cpp">
      <Filter>nw_engine\src_cpp\gui</Filter>
    </ClCompile>
    <ClCompile Include="..\nw_engine\src_cpp\gui\ngui_lib.cpp">
      <Filter>nw_engine\src_cpp\gui</Filter>
    </ClCompile>
    <ClCompile Include="..\nw_engine\src_cpp\gui\ngui_of.cpp">
      <Filter>nw_engine\src_cpp\gui</Filter>
    </ClCompile>
    <ClCompile Include="..\nw_engine\src_cpp\lib\nw_imgui_build.cpp">
      <Filter>nw_engine\src_cpp\lib</Filter>
    </ClCompile>
    <ClCompile Include="..\nw_engine\src_cpp\lib\nw_memory.cpp">
      <Filter>nw_engine\src_cpp\lib</Filter>
    </ClCompile>
    <ClCompile Include="..\nw_engine\src_cpp\lib\nw_string.cpp">
      <Filter>nw_engine\src_cpp\lib</Filter>
    </ClCompile>
    <ClCompile Include="..\nw_engine\src_cpp\lib\nw_time.cpp">
      <Filter>nw_engine\src_cpp\lib</Filter>
    </ClCompile>
    <ClCompile Include="..\nw_engine\src_cpp\lib\utils\nw_acode_chunk.cpp">
      <Filter>nw_engine\src_cpp\lib\utils</Filter>
    </ClCompile>
    <ClCompile Include="..\nw_engine\src_cpp\lua\nlua_lib.cpp">
      <Filter>nw_engine\src_cpp\lua</Filter>
    </ClCompile>
    <ClCompile Include="..\nw_engine\src_cpp\lua\nlua_vm.cpp">
      <Filter>nw_engine\src_cpp\lua</Filter>
    </ClCompile>
    <ClCompile Include="..\nw_engine\src_cpp\nw_pch.cpp">
      <Filter>nw_engine\src_cpp</Filter>
    </ClCompile>
    <ClCompile Include="..\nw_engine\src_cpp\sys\nw_data_sys.cpp">
      <Filter>nw_engine\src_cpp\sys</Filter>
    </ClCompile>
    <ClCompile Include="..\nw_engine\src_cpp\sys\nw_ev_sys.cpp">
      <Filter>nw_engine\src_cpp\sys</Filter>
    </ClCompile>
    <ClCompile Include="..\nw_engine\src_cpp\sys\nw_gui_sys.cpp">
      <Filter>nw_engine\src_cpp\sys</Filter>
    </ClCompile>
    <ClCompile Include="..\nw_engine\src_cpp\sys\nw_io_sys.cpp">
      <Filter>nw_engine\src_cpp\sys</Filter>
    </ClCompile>
    <ClCompile Include="..\nw_engine\src_cpp\sys\nw_log_sys.cpp">
      <Filter>nw_engine\src_cpp\sys</Filter>
    </ClCompile>
    <ClCompile Include="..\nw_engine\src_cpp\sys\nw_mem_sys.cpp">
      <Filter>nw_engine\src_cpp\sys</Filter>
    </ClCompile>
    <ClCompile Include="..\nw_engine\src_cpp\sys\nw_rand_sys.cpp">
      <Filter>nw_engine\src_cpp\sys</Filter>
    </ClCompile>
    <ClCompile Include="..\nw_engine\src_cpp\sys\nw_time_sys.cpp">
      <Filter>nw_engine\src_cpp\sys</Filter>
    </ClCompile>
    <ClCompile Include="src_cpp\nwg_entry.cpp">
      <Filter>src_cpp</Filter>
    </ClCompile>
    <ClCompile Include="src_cpp\nwg_pch.cpp">
      <Filter>src_cpp</Filter>
    </ClCompile>
  </ItemGroup>
  <ItemGroup>
    <None Include="..\nw_engine\ext\glm\test\glm.cppcheck">
      <Filter>nw_engine\ext\glm\test</Filter>
    </None>
  </ItemGroup>
</Project>